// !$*UTF8*$!
{
	archiveVersion = 1;
	classes = {
	};
	objectVersion = 46;
	objects = {
/* Begin PBXBuildFile section */
		0207DA581B56EA530066E2B4 /* Images.xcassets in Resources */ = {isa = PBXBuildFile; fileRef = 0207DA571B56EA530066E2B4 /* Images.xcassets */; };
		1D3623260D0F684500981E51 /* AppDelegate.m in Sources */ = {isa = PBXBuildFile; fileRef = 1D3623250D0F684500981E51 /* AppDelegate.m */; };
		1D60589B0D05DD56006BFB54 /* main.m in Sources */ = {isa = PBXBuildFile; fileRef = 29B97316FDCFA39411CA2CEA /* main.m */; };
		301BF552109A68D80062928A /* libCordova.a in Frameworks */ = {isa = PBXBuildFile; fileRef = 301BF535109A57CC0062928A /* libCordova.a */; };
		302D95F114D2391D003F00A1 /* MainViewController.m in Sources */ = {isa = PBXBuildFile; fileRef = 302D95EF14D2391D003F00A1 /* MainViewController.m */; };
		302D95F214D2391D003F00A1 /* MainViewController.xib in Resources */ = {isa = PBXBuildFile; fileRef = 302D95F014D2391D003F00A1 /* MainViewController.xib */; };
		3047A5121AB8059700498E2A /* build-debug.xcconfig in Resources */ = {isa = PBXBuildFile; fileRef = 3047A50F1AB8059700498E2A /* build-debug.xcconfig */; };
		3047A5131AB8059700498E2A /* build-release.xcconfig in Resources */ = {isa = PBXBuildFile; fileRef = 3047A5101AB8059700498E2A /* build-release.xcconfig */; };
		3047A5141AB8059700498E2A /* build.xcconfig in Resources */ = {isa = PBXBuildFile; fileRef = 3047A5111AB8059700498E2A /* build.xcconfig */; };
		21C647D9CD794EB19E9D4382 /* UIImage+CropScaleOrientation.m in Sources */ = {isa = PBXBuildFile; fileRef = 1BB24B3FB5E44C22AE1F55BD /* UIImage+CropScaleOrientation.m */; };
		9F0B2699EDEF4699ADE90767 /* CDVCamera.m in Sources */ = {isa = PBXBuildFile; fileRef = 955813A079DB48AA8411655A /* CDVCamera.m */; };
		3B159ECAC7534E97A06AA4FB /* CDVJpegHeaderWriter.m in Sources */ = {isa = PBXBuildFile; fileRef = E56114F837624C71825093A3 /* CDVJpegHeaderWriter.m */; };
		5757212EB98A4CD4A82C2ED9 /* ImageIO.framework in Frameworks */ = {isa = PBXBuildFile; fileRef = 1B0A73D9DAFF4E069CB82F21 /* ImageIO.framework */; settings = {ATTRIBUTES = (Weak, ); }; };
		8661857557D9481AA4C87C26 /* CoreLocation.framework in Frameworks */ = {isa = PBXBuildFile; fileRef = 434967FA6B01489B82F89E29 /* CoreLocation.framework */; };
		F3525DAC033443F08A85C67B /* AVFoundation.framework in Frameworks */ = {isa = PBXBuildFile; fileRef = ED441FC4F86D43368BE06339 /* AVFoundation.framework */; };
		87125F2D3D574656BDE772F3 /* CDVWKWebViewEngine.m in Sources */ = {isa = PBXBuildFile; fileRef = 993427C811F547B8BF9F270E /* CDVWKWebViewEngine.m */; };
		E892D639C16E47D0BA9D7C78 /* CDVWKWebViewUIDelegate.m in Sources */ = {isa = PBXBuildFile; fileRef = 6B8521B057A44D069F5AAA5A /* CDVWKWebViewUIDelegate.m */; };
		8EBB2F6E6D434C98B2629479 /* WebKit.framework in Frameworks */ = {isa = PBXBuildFile; fileRef = A9C352C4133B4DC5A8D6B1A8 /* WebKit.framework */; settings = {ATTRIBUTES = (Weak, ); }; };
		27AE0C395EBB4F83A58995B2 /* WebAppLocalServer.swift in Sources */ = {isa = PBXBuildFile; fileRef = 591B6995610549B1ACC2136B /* WebAppLocalServer.swift */; };
		6B888BC5976F433A910CCB65 /* WebAppConfiguration.swift in Sources */ = {isa = PBXBuildFile; fileRef = 808EAA3A8EF34BBC9451F2C2 /* WebAppConfiguration.swift */; };
		DBF7D759BFD9436980F5DEF6 /* AssetBundleManager.swift in Sources */ = {isa = PBXBuildFile; fileRef = F4D951AD866549EE84C8994E /* AssetBundleManager.swift */; };
		6AA65C3C2A6E43DDA83DBEEA /* AssetBundle.swift in Sources */ = {isa = PBXBuildFile; fileRef = 2CC76C45E8DB4AD39AC0C1E7 /* AssetBundle.swift */; };
		F0F1C6B65C264BAA9ABB86C1 /* Asset.swift in Sources */ = {isa = PBXBuildFile; fileRef = 0563151A545F4A12AF8DA7DF /* Asset.swift */; };
		F12AEC1934F44CFFB1F9F441 /* AssetBundleDownloader.swift in Sources */ = {isa = PBXBuildFile; fileRef = 7E432F79C2AC4DE79600A561 /* AssetBundleDownloader.swift */; };
		F8AF32AC95B847709DC73412 /* AssetManifest.swift in Sources */ = {isa = PBXBuildFile; fileRef = B37DC5454E974AB49C17F7D7 /* AssetManifest.swift */; };
		DFBCB295D94C4AECBD3D4D06 /* Errors.swift in Sources */ = {isa = PBXBuildFile; fileRef = D6A9C783CF384945AE2A660A /* Errors.swift */; };
		6EAB213E2B50490196A8E30B /* Utility.swift in Sources */ = {isa = PBXBuildFile; fileRef = 57E9D2BF903B43488D589B57 /* Utility.swift */; };
		C512D4E152904A5C8E642A34 /* METPlugin.m in Sources */ = {isa = PBXBuildFile; fileRef = E6C82143A6D84659B8D7C9E0 /* METPlugin.m */; };
		2A892AAF33A84BEA8970152D /* METTimer.m in Sources */ = {isa = PBXBuildFile; fileRef = 41F3BE677A124A4DA7C60C39 /* METTimer.m */; };
		B951E5B5499C42D4A26FEB7A /* METRetryStrategy.m in Sources */ = {isa = PBXBuildFile; fileRef = 59D1B5CA630440FC81A60586 /* METRetryStrategy.m */; };
		9A989AA9212F4DB8B57B2E2E /* METNetworkReachabilityManager.m in Sources */ = {isa = PBXBuildFile; fileRef = 09C18CB7B066480F8047C746 /* METNetworkReachabilityManager.m */; };
		D3E3A516369646229929B377 /* METRandomValueGenerator.m in Sources */ = {isa = PBXBuildFile; fileRef = AE88087110BB4D25A89292D8 /* METRandomValueGenerator.m */; };
		F5F31B6718BC4EA4BB7FEE2D /* GCDWebServer.m in Sources */ = {isa = PBXBuildFile; fileRef = ADFED4BB9FC74870B5BEA8AF /* GCDWebServer.m */; };
		A3A9D1F6669944598A6020B5 /* GCDWebServerConnection.m in Sources */ = {isa = PBXBuildFile; fileRef = 00E8DE5426AF4A9A84AEB5F8 /* GCDWebServerConnection.m */; };
		6BDEDD9486EC4BC28CC79B51 /* GCDWebServerFunctions.m in Sources */ = {isa = PBXBuildFile; fileRef = 896AFD3C593A4AFD9F831B0D /* GCDWebServerFunctions.m */; };
		9FDB4BD3B3CE4439B16FEEB3 /* GCDWebServerRequest.m in Sources */ = {isa = PBXBuildFile; fileRef = 327EDF28DF8E4CD6B54E70ED /* GCDWebServerRequest.m */; };
		2D17122420864706BBD5D8E5 /* GCDWebServerResponse.m in Sources */ = {isa = PBXBuildFile; fileRef = C86D361994DA462C8F1021B1 /* GCDWebServerResponse.m */; };
		46475AF609174D4D99E8D18C /* GCDWebServerDataRequest.m in Sources */ = {isa = PBXBuildFile; fileRef = AC3DBB3466D4427C9D97F60C /* GCDWebServerDataRequest.m */; };
		A920852F7997460C9830D843 /* GCDWebServerFileRequest.m in Sources */ = {isa = PBXBuildFile; fileRef = 6AE7F7821D3E44358C891B80 /* GCDWebServerFileRequest.m */; };
		9F611EE740D6476A89EBECB8 /* GCDWebServerMultiPartFormRequest.m in Sources */ = {isa = PBXBuildFile; fileRef = D67E2AECA095425CAD562F48 /* GCDWebServerMultiPartFormRequest.m */; };
		14038674E3E74133886237A6 /* GCDWebServerURLEncodedFormRequest.m in Sources */ = {isa = PBXBuildFile; fileRef = 18A562CCC6A041479CF0AEDE /* GCDWebServerURLEncodedFormRequest.m */; };
		E175603A1E69433699D6E3D7 /* GCDWebServerDataResponse.m in Sources */ = {isa = PBXBuildFile; fileRef = 72675E7C6AC44C17A7A9795E /* GCDWebServerDataResponse.m */; };
		EDB460A8491442239FF24D31 /* GCDWebServerErrorResponse.m in Sources */ = {isa = PBXBuildFile; fileRef = 6BBBFE703502428C8120763A /* GCDWebServerErrorResponse.m */; };
		3221E086B52E4B70ADE1E28A /* GCDWebServerFileResponse.m in Sources */ = {isa = PBXBuildFile; fileRef = EF4C09A6B3C94F9084C4EF94 /* GCDWebServerFileResponse.m */; };
		13609AE582C743EDAE9032DE /* GCDWebServerStreamedResponse.m in Sources */ = {isa = PBXBuildFile; fileRef = EDD1BB40861C49F1917D9570 /* GCDWebServerStreamedResponse.m */; };
		AC2788F1D60843DA916F2340 /* CFNetwork.framework in Frameworks */ = {isa = PBXBuildFile; fileRef = 13917A326EBB42D4967C485A /* CFNetwork.framework */; };
		648F951C65644830AE74FE60 /* libz.dylib in Frameworks */ = {isa = PBXBuildFile; fileRef = 406B505C4B6B42F0942191D6 /* libz.dylib */; };
		F88DCD0A7E7040DBB5DE4B69 /* CDVStatusBar.m in Sources */ = {isa = PBXBuildFile; fileRef = A70566EC0B62414D98747CDE /* CDVStatusBar.m */; };
		7191828C42D348BC8A49D5AC /* CDVSplashScreen.m in Sources */ = {isa = PBXBuildFile; fileRef = 46755B472C6F4B29A8F941D8 /* CDVSplashScreen.m */; };
		5F13600821B74F029A509F9B /* CDVViewController+SplashScreen.m in Sources */ = {isa = PBXBuildFile; fileRef = 4CD63C9D2686406FB8AFB0BA /* CDVViewController+SplashScreen.m */; };
/* End PBXBuildFile section */

/* Begin PBXContainerItemProxy section */
		301BF534109A57CC0062928A /* PBXContainerItemProxy */ = {
			isa = PBXContainerItemProxy;
			containerPortal = 301BF52D109A57CC0062928A /* CordovaLib.xcodeproj */;
			proxyType = 2;
			remoteGlobalIDString = D2AAC07E0554694100DB518D;
			remoteInfo = CordovaLib;
		};
		301BF550109A68C00062928A /* PBXContainerItemProxy */ = {
			isa = PBXContainerItemProxy;
			containerPortal = 301BF52D109A57CC0062928A /* CordovaLib.xcodeproj */;
			proxyType = 1;
			remoteGlobalIDString = D2AAC07D0554694100DB518D;
			remoteInfo = CordovaLib;
		};
/* End PBXContainerItemProxy section */

/* Begin PBXFileReference section */
		0207DA571B56EA530066E2B4 /* Images.xcassets */ = {isa = PBXFileReference; lastKnownFileType = folder.assetcatalog; name = Images.xcassets; path = "formulasZama/Images.xcassets"; sourceTree = SOURCE_ROOT; };
		1D3623240D0F684500981E51 /* AppDelegate.h */ = {isa = PBXFileReference; fileEncoding = 4; lastKnownFileType = sourcecode.c.h; path = AppDelegate.h; sourceTree = "<group>"; };
		1D3623250D0F684500981E51 /* AppDelegate.m */ = {isa = PBXFileReference; fileEncoding = 4; lastKnownFileType = sourcecode.c.objc; path = AppDelegate.m; sourceTree = "<group>"; };
		1D6058910D05DD3D006BFB54 /* formulasZama.app */ = {isa = PBXFileReference; explicitFileType = wrapper.application; includeInIndex = 0; path = "formulasZama.app"; sourceTree = BUILT_PRODUCTS_DIR; };
		29B97316FDCFA39411CA2CEA /* main.m */ = {isa = PBXFileReference; fileEncoding = 4; lastKnownFileType = sourcecode.c.objc; path = main.m; sourceTree = "<group>"; };
		301BF52D109A57CC0062928A /* CordovaLib.xcodeproj */ = {isa = PBXFileReference; lastKnownFileType = "wrapper.pb-project"; name = CordovaLib.xcodeproj; path = CordovaLib/CordovaLib.xcodeproj; sourceTree = "<group>"; };
		301BF56E109A69640062928A /* www */ = {isa = PBXFileReference; lastKnownFileType = folder; path = www; sourceTree = SOURCE_ROOT; };
		302D95EE14D2391D003F00A1 /* MainViewController.h */ = {isa = PBXFileReference; fileEncoding = 4; lastKnownFileType = sourcecode.c.h; path = MainViewController.h; sourceTree = "<group>"; };
		302D95EF14D2391D003F00A1 /* MainViewController.m */ = {isa = PBXFileReference; fileEncoding = 4; lastKnownFileType = sourcecode.c.objc; path = MainViewController.m; sourceTree = "<group>"; };
		302D95F014D2391D003F00A1 /* MainViewController.xib */ = {isa = PBXFileReference; fileEncoding = 4; lastKnownFileType = file.xib; path = MainViewController.xib; sourceTree = "<group>"; };
		3047A50F1AB8059700498E2A /* build-debug.xcconfig */ = {isa = PBXFileReference; fileEncoding = 4; lastKnownFileType = text.xcconfig; name = "build-debug.xcconfig"; path = cordova/build-debug.xcconfig; sourceTree = SOURCE_ROOT; };
		3047A5101AB8059700498E2A /* build-release.xcconfig */ = {isa = PBXFileReference; fileEncoding = 4; lastKnownFileType = text.xcconfig; name = "build-release.xcconfig"; path = cordova/build-release.xcconfig; sourceTree = SOURCE_ROOT; };
		3047A5111AB8059700498E2A /* build.xcconfig */ = {isa = PBXFileReference; fileEncoding = 4; lastKnownFileType = text.xcconfig; name = build.xcconfig; path = cordova/build.xcconfig; sourceTree = SOURCE_ROOT; };
		32CA4F630368D1EE00C91783 /* formulasZama-Prefix.pch */ = {isa = PBXFileReference; fileEncoding = 4; lastKnownFileType = sourcecode.c.h; path = "formulasZama-Prefix.pch"; sourceTree = "<group>"; };
		8D1107310486CEB800E47090 /* formulasZama-Info.plist */ = {isa = PBXFileReference; fileEncoding = 4; lastKnownFileType = text.plist.xml; name = "formulasZama-Info.plist"; path = "formulasZama/formulasZama-Info.plist"; plistStructureDefinitionIdentifier = "com.apple.xcode.plist.structure-definition.iphone.info-plist"; sourceTree = SOURCE_ROOT; };
		EB87FDF31871DA8E0020F90C /* www */ = {isa = PBXFileReference; lastKnownFileType = folder; name = www; path = ../../www; sourceTree = "<group>"; };
		EB87FDF41871DAF40020F90C /* config.xml */ = {isa = PBXFileReference; lastKnownFileType = text.xml; name = config.xml; path = ../../config.xml; sourceTree = "<group>"; };
		F840E1F0165FE0F500CFE078 /* config.xml */ = {isa = PBXFileReference; lastKnownFileType = text.xml; name = config.xml; path = "formulasZama/config.xml"; sourceTree = "<group>"; };
		ED33DF2A687741AEAF9F8254 /* Bridging-Header.h */ = {isa = PBXFileReference; fileEncoding = 4; lastKnownFileType = sourcecode.c.h; name = "Bridging-Header.h"; path = "Bridging-Header.h"; sourceTree = "<group>"; };
		1BB24B3FB5E44C22AE1F55BD /* UIImage+CropScaleOrientation.m */ = {isa = PBXFileReference; name = "UIImage+CropScaleOrientation.m"; path = "cordova-plugin-camera/UIImage+CropScaleOrientation.m"; sourceTree = "<group>"; fileEncoding = 4; lastKnownFileType = sourcecode.c.objc; explicitFileType = undefined; includeInIndex = 0; };
		955813A079DB48AA8411655A /* CDVCamera.m */ = {isa = PBXFileReference; name = "CDVCamera.m"; path = "cordova-plugin-camera/CDVCamera.m"; sourceTree = "<group>"; fileEncoding = 4; lastKnownFileType = sourcecode.c.objc; explicitFileType = undefined; includeInIndex = 0; };
		E56114F837624C71825093A3 /* CDVJpegHeaderWriter.m */ = {isa = PBXFileReference; name = "CDVJpegHeaderWriter.m"; path = "cordova-plugin-camera/CDVJpegHeaderWriter.m"; sourceTree = "<group>"; fileEncoding = 4; lastKnownFileType = sourcecode.c.objc; explicitFileType = undefined; includeInIndex = 0; };
		D83D5E762E33491F8A7BE23C /* UIImage+CropScaleOrientation.h */ = {isa = PBXFileReference; name = "UIImage+CropScaleOrientation.h"; path = "cordova-plugin-camera/UIImage+CropScaleOrientation.h"; sourceTree = "<group>"; fileEncoding = 4; lastKnownFileType = sourcecode.c.h; explicitFileType = undefined; includeInIndex = 0; };
		B63B9A430F0D42D882A1FC18 /* CDVCamera.h */ = {isa = PBXFileReference; name = "CDVCamera.h"; path = "cordova-plugin-camera/CDVCamera.h"; sourceTree = "<group>"; fileEncoding = 4; lastKnownFileType = sourcecode.c.h; explicitFileType = undefined; includeInIndex = 0; };
		6E8CF8F183EC42BCBDB63D2D /* CDVJpegHeaderWriter.h */ = {isa = PBXFileReference; name = "CDVJpegHeaderWriter.h"; path = "cordova-plugin-camera/CDVJpegHeaderWriter.h"; sourceTree = "<group>"; fileEncoding = 4; lastKnownFileType = sourcecode.c.h; explicitFileType = undefined; includeInIndex = 0; };
		9876AB513ED14E059BFF8998 /* CDVExif.h */ = {isa = PBXFileReference; name = "CDVExif.h"; path = "cordova-plugin-camera/CDVExif.h"; sourceTree = "<group>"; fileEncoding = 4; lastKnownFileType = sourcecode.c.h; explicitFileType = undefined; includeInIndex = 0; };
		1B0A73D9DAFF4E069CB82F21 /* ImageIO.framework */ = {isa = PBXFileReference; name = "ImageIO.framework"; path = "System/Library/Frameworks/ImageIO.framework"; sourceTree = SDKROOT; fileEncoding = undefined; lastKnownFileType = wrapper.framework; explicitFileType = undefined; includeInIndex = 0; };
		434967FA6B01489B82F89E29 /* CoreLocation.framework */ = {isa = PBXFileReference; name = "CoreLocation.framework"; path = "System/Library/Frameworks/CoreLocation.framework"; sourceTree = SDKROOT; fileEncoding = undefined; lastKnownFileType = wrapper.framework; explicitFileType = undefined; includeInIndex = 0; };
		ED441FC4F86D43368BE06339 /* AVFoundation.framework */ = {isa = PBXFileReference; name = "AVFoundation.framework"; path = "System/Library/Frameworks/AVFoundation.framework"; sourceTree = SDKROOT; fileEncoding = undefined; lastKnownFileType = wrapper.framework; explicitFileType = undefined; includeInIndex = 0; };
		993427C811F547B8BF9F270E /* CDVWKWebViewEngine.m */ = {isa = PBXFileReference; name = "CDVWKWebViewEngine.m"; path = "cordova-plugin-wkwebview-engine/CDVWKWebViewEngine.m"; sourceTree = "<group>"; fileEncoding = 4; lastKnownFileType = sourcecode.c.objc; explicitFileType = undefined; includeInIndex = 0; };
		6B8521B057A44D069F5AAA5A /* CDVWKWebViewUIDelegate.m */ = {isa = PBXFileReference; name = "CDVWKWebViewUIDelegate.m"; path = "cordova-plugin-wkwebview-engine/CDVWKWebViewUIDelegate.m"; sourceTree = "<group>"; fileEncoding = 4; lastKnownFileType = sourcecode.c.objc; explicitFileType = undefined; includeInIndex = 0; };
		07467945DC89453A8A48B400 /* CDVWKWebViewEngine.h */ = {isa = PBXFileReference; name = "CDVWKWebViewEngine.h"; path = "cordova-plugin-wkwebview-engine/CDVWKWebViewEngine.h"; sourceTree = "<group>"; fileEncoding = 4; lastKnownFileType = sourcecode.c.h; explicitFileType = undefined; includeInIndex = 0; };
		0B441E0CB3B14BCA9FAC0215 /* CDVWKWebViewUIDelegate.h */ = {isa = PBXFileReference; name = "CDVWKWebViewUIDelegate.h"; path = "cordova-plugin-wkwebview-engine/CDVWKWebViewUIDelegate.h"; sourceTree = "<group>"; fileEncoding = 4; lastKnownFileType = sourcecode.c.h; explicitFileType = undefined; includeInIndex = 0; };
		A9C352C4133B4DC5A8D6B1A8 /* WebKit.framework */ = {isa = PBXFileReference; name = "WebKit.framework"; path = "System/Library/Frameworks/WebKit.framework"; sourceTree = SDKROOT; fileEncoding = undefined; lastKnownFileType = wrapper.framework; explicitFileType = undefined; includeInIndex = 0; };
		591B6995610549B1ACC2136B /* WebAppLocalServer.swift */ = {isa = PBXFileReference; name = "WebAppLocalServer.swift"; path = "cordova-plugin-meteor-webapp/WebAppLocalServer.swift"; sourceTree = "<group>"; fileEncoding = 4; lastKnownFileType = sourcecode.swift; explicitFileType = undefined; includeInIndex = 0; };
		808EAA3A8EF34BBC9451F2C2 /* WebAppConfiguration.swift */ = {isa = PBXFileReference; name = "WebAppConfiguration.swift"; path = "cordova-plugin-meteor-webapp/WebAppConfiguration.swift"; sourceTree = "<group>"; fileEncoding = 4; lastKnownFileType = sourcecode.swift; explicitFileType = undefined; includeInIndex = 0; };
		F4D951AD866549EE84C8994E /* AssetBundleManager.swift */ = {isa = PBXFileReference; name = "AssetBundleManager.swift"; path = "cordova-plugin-meteor-webapp/AssetBundleManager.swift"; sourceTree = "<group>"; fileEncoding = 4; lastKnownFileType = sourcecode.swift; explicitFileType = undefined; includeInIndex = 0; };
		2CC76C45E8DB4AD39AC0C1E7 /* AssetBundle.swift */ = {isa = PBXFileReference; name = "AssetBundle.swift"; path = "cordova-plugin-meteor-webapp/AssetBundle.swift"; sourceTree = "<group>"; fileEncoding = 4; lastKnownFileType = sourcecode.swift; explicitFileType = undefined; includeInIndex = 0; };
		0563151A545F4A12AF8DA7DF /* Asset.swift */ = {isa = PBXFileReference; name = "Asset.swift"; path = "cordova-plugin-meteor-webapp/Asset.swift"; sourceTree = "<group>"; fileEncoding = 4; lastKnownFileType = sourcecode.swift; explicitFileType = undefined; includeInIndex = 0; };
		7E432F79C2AC4DE79600A561 /* AssetBundleDownloader.swift */ = {isa = PBXFileReference; name = "AssetBundleDownloader.swift"; path = "cordova-plugin-meteor-webapp/AssetBundleDownloader.swift"; sourceTree = "<group>"; fileEncoding = 4; lastKnownFileType = sourcecode.swift; explicitFileType = undefined; includeInIndex = 0; };
		B37DC5454E974AB49C17F7D7 /* AssetManifest.swift */ = {isa = PBXFileReference; name = "AssetManifest.swift"; path = "cordova-plugin-meteor-webapp/AssetManifest.swift"; sourceTree = "<group>"; fileEncoding = 4; lastKnownFileType = sourcecode.swift; explicitFileType = undefined; includeInIndex = 0; };
		D6A9C783CF384945AE2A660A /* Errors.swift */ = {isa = PBXFileReference; name = "Errors.swift"; path = "cordova-plugin-meteor-webapp/Errors.swift"; sourceTree = "<group>"; fileEncoding = 4; lastKnownFileType = sourcecode.swift; explicitFileType = undefined; includeInIndex = 0; };
		57E9D2BF903B43488D589B57 /* Utility.swift */ = {isa = PBXFileReference; name = "Utility.swift"; path = "cordova-plugin-meteor-webapp/Utility.swift"; sourceTree = "<group>"; fileEncoding = 4; lastKnownFileType = sourcecode.swift; explicitFileType = undefined; includeInIndex = 0; };
		E6C82143A6D84659B8D7C9E0 /* METPlugin.m */ = {isa = PBXFileReference; name = "METPlugin.m"; path = "cordova-plugin-meteor-webapp/METPlugin.m"; sourceTree = "<group>"; fileEncoding = 4; lastKnownFileType = sourcecode.c.objc; explicitFileType = undefined; includeInIndex = 0; };
		41F3BE677A124A4DA7C60C39 /* METTimer.m */ = {isa = PBXFileReference; name = "METTimer.m"; path = "cordova-plugin-meteor-webapp/METTimer.m"; sourceTree = "<group>"; fileEncoding = 4; lastKnownFileType = sourcecode.c.objc; explicitFileType = undefined; includeInIndex = 0; };
		59D1B5CA630440FC81A60586 /* METRetryStrategy.m */ = {isa = PBXFileReference; name = "METRetryStrategy.m"; path = "cordova-plugin-meteor-webapp/METRetryStrategy.m"; sourceTree = "<group>"; fileEncoding = 4; lastKnownFileType = sourcecode.c.objc; explicitFileType = undefined; includeInIndex = 0; };
		09C18CB7B066480F8047C746 /* METNetworkReachabilityManager.m */ = {isa = PBXFileReference; name = "METNetworkReachabilityManager.m"; path = "cordova-plugin-meteor-webapp/METNetworkReachabilityManager.m"; sourceTree = "<group>"; fileEncoding = 4; lastKnownFileType = sourcecode.c.objc; explicitFileType = undefined; includeInIndex = 0; };
		AE88087110BB4D25A89292D8 /* METRandomValueGenerator.m */ = {isa = PBXFileReference; name = "METRandomValueGenerator.m"; path = "cordova-plugin-meteor-webapp/METRandomValueGenerator.m"; sourceTree = "<group>"; fileEncoding = 4; lastKnownFileType = sourcecode.c.objc; explicitFileType = undefined; includeInIndex = 0; };
		ADFED4BB9FC74870B5BEA8AF /* GCDWebServer.m */ = {isa = PBXFileReference; name = "GCDWebServer.m"; path = "cordova-plugin-meteor-webapp/GCDWebServer.m"; sourceTree = "<group>"; fileEncoding = 4; lastKnownFileType = sourcecode.c.objc; explicitFileType = undefined; includeInIndex = 0; };
		00E8DE5426AF4A9A84AEB5F8 /* GCDWebServerConnection.m */ = {isa = PBXFileReference; name = "GCDWebServerConnection.m"; path = "cordova-plugin-meteor-webapp/GCDWebServerConnection.m"; sourceTree = "<group>"; fileEncoding = 4; lastKnownFileType = sourcecode.c.objc; explicitFileType = undefined; includeInIndex = 0; };
		896AFD3C593A4AFD9F831B0D /* GCDWebServerFunctions.m */ = {isa = PBXFileReference; name = "GCDWebServerFunctions.m"; path = "cordova-plugin-meteor-webapp/GCDWebServerFunctions.m"; sourceTree = "<group>"; fileEncoding = 4; lastKnownFileType = sourcecode.c.objc; explicitFileType = undefined; includeInIndex = 0; };
		327EDF28DF8E4CD6B54E70ED /* GCDWebServerRequest.m */ = {isa = PBXFileReference; name = "GCDWebServerRequest.m"; path = "cordova-plugin-meteor-webapp/GCDWebServerRequest.m"; sourceTree = "<group>"; fileEncoding = 4; lastKnownFileType = sourcecode.c.objc; explicitFileType = undefined; includeInIndex = 0; };
		C86D361994DA462C8F1021B1 /* GCDWebServerResponse.m */ = {isa = PBXFileReference; name = "GCDWebServerResponse.m"; path = "cordova-plugin-meteor-webapp/GCDWebServerResponse.m"; sourceTree = "<group>"; fileEncoding = 4; lastKnownFileType = sourcecode.c.objc; explicitFileType = undefined; includeInIndex = 0; };
		AC3DBB3466D4427C9D97F60C /* GCDWebServerDataRequest.m */ = {isa = PBXFileReference; name = "GCDWebServerDataRequest.m"; path = "cordova-plugin-meteor-webapp/GCDWebServerDataRequest.m"; sourceTree = "<group>"; fileEncoding = 4; lastKnownFileType = sourcecode.c.objc; explicitFileType = undefined; includeInIndex = 0; };
		6AE7F7821D3E44358C891B80 /* GCDWebServerFileRequest.m */ = {isa = PBXFileReference; name = "GCDWebServerFileRequest.m"; path = "cordova-plugin-meteor-webapp/GCDWebServerFileRequest.m"; sourceTree = "<group>"; fileEncoding = 4; lastKnownFileType = sourcecode.c.objc; explicitFileType = undefined; includeInIndex = 0; };
		D67E2AECA095425CAD562F48 /* GCDWebServerMultiPartFormRequest.m */ = {isa = PBXFileReference; name = "GCDWebServerMultiPartFormRequest.m"; path = "cordova-plugin-meteor-webapp/GCDWebServerMultiPartFormRequest.m"; sourceTree = "<group>"; fileEncoding = 4; lastKnownFileType = sourcecode.c.objc; explicitFileType = undefined; includeInIndex = 0; };
		18A562CCC6A041479CF0AEDE /* GCDWebServerURLEncodedFormRequest.m */ = {isa = PBXFileReference; name = "GCDWebServerURLEncodedFormRequest.m"; path = "cordova-plugin-meteor-webapp/GCDWebServerURLEncodedFormRequest.m"; sourceTree = "<group>"; fileEncoding = 4; lastKnownFileType = sourcecode.c.objc; explicitFileType = undefined; includeInIndex = 0; };
		72675E7C6AC44C17A7A9795E /* GCDWebServerDataResponse.m */ = {isa = PBXFileReference; name = "GCDWebServerDataResponse.m"; path = "cordova-plugin-meteor-webapp/GCDWebServerDataResponse.m"; sourceTree = "<group>"; fileEncoding = 4; lastKnownFileType = sourcecode.c.objc; explicitFileType = undefined; includeInIndex = 0; };
		6BBBFE703502428C8120763A /* GCDWebServerErrorResponse.m */ = {isa = PBXFileReference; name = "GCDWebServerErrorResponse.m"; path = "cordova-plugin-meteor-webapp/GCDWebServerErrorResponse.m"; sourceTree = "<group>"; fileEncoding = 4; lastKnownFileType = sourcecode.c.objc; explicitFileType = undefined; includeInIndex = 0; };
		EF4C09A6B3C94F9084C4EF94 /* GCDWebServerFileResponse.m */ = {isa = PBXFileReference; name = "GCDWebServerFileResponse.m"; path = "cordova-plugin-meteor-webapp/GCDWebServerFileResponse.m"; sourceTree = "<group>"; fileEncoding = 4; lastKnownFileType = sourcecode.c.objc; explicitFileType = undefined; includeInIndex = 0; };
		EDD1BB40861C49F1917D9570 /* GCDWebServerStreamedResponse.m */ = {isa = PBXFileReference; name = "GCDWebServerStreamedResponse.m"; path = "cordova-plugin-meteor-webapp/GCDWebServerStreamedResponse.m"; sourceTree = "<group>"; fileEncoding = 4; lastKnownFileType = sourcecode.c.objc; explicitFileType = undefined; includeInIndex = 0; };
		1AB9E8D6D80B433785C336DC /* cordova-plugin-meteor-webapp-Bridging-Header.h */ = {isa = PBXFileReference; name = "cordova-plugin-meteor-webapp-Bridging-Header.h"; path = "cordova-plugin-meteor-webapp/cordova-plugin-meteor-webapp-Bridging-Header.h"; sourceTree = "<group>"; fileEncoding = 4; lastKnownFileType = sourcecode.c.h; explicitFileType = undefined; includeInIndex = 0; };
		0A447DF11CDB4DF7A7337F88 /* METPlugin.h */ = {isa = PBXFileReference; name = "METPlugin.h"; path = "cordova-plugin-meteor-webapp/METPlugin.h"; sourceTree = "<group>"; fileEncoding = 4; lastKnownFileType = sourcecode.c.h; explicitFileType = undefined; includeInIndex = 0; };
		AB22D33D97C54E499AAD6177 /* METTimer.h */ = {isa = PBXFileReference; name = "METTimer.h"; path = "cordova-plugin-meteor-webapp/METTimer.h"; sourceTree = "<group>"; fileEncoding = 4; lastKnownFileType = sourcecode.c.h; explicitFileType = undefined; includeInIndex = 0; };
		1A79F4E12A7A4B168B3FE08D /* METRetryStrategy.h */ = {isa = PBXFileReference; name = "METRetryStrategy.h"; path = "cordova-plugin-meteor-webapp/METRetryStrategy.h"; sourceTree = "<group>"; fileEncoding = 4; lastKnownFileType = sourcecode.c.h; explicitFileType = undefined; includeInIndex = 0; };
		459D2EDCF07C4EB89F2A7981 /* METNetworkReachabilityManager.h */ = {isa = PBXFileReference; name = "METNetworkReachabilityManager.h"; path = "cordova-plugin-meteor-webapp/METNetworkReachabilityManager.h"; sourceTree = "<group>"; fileEncoding = 4; lastKnownFileType = sourcecode.c.h; explicitFileType = undefined; includeInIndex = 0; };
		F677459A362D409984983FE4 /* METRandomValueGenerator.h */ = {isa = PBXFileReference; name = "METRandomValueGenerator.h"; path = "cordova-plugin-meteor-webapp/METRandomValueGenerator.h"; sourceTree = "<group>"; fileEncoding = 4; lastKnownFileType = sourcecode.c.h; explicitFileType = undefined; includeInIndex = 0; };
		BA21848C19584EDD97D158BE /* GCDWebServer.h */ = {isa = PBXFileReference; name = "GCDWebServer.h"; path = "cordova-plugin-meteor-webapp/GCDWebServer.h"; sourceTree = "<group>"; fileEncoding = 4; lastKnownFileType = sourcecode.c.h; explicitFileType = undefined; includeInIndex = 0; };
		DF769E1CA71B429F8B675828 /* GCDWebServerConnection.h */ = {isa = PBXFileReference; name = "GCDWebServerConnection.h"; path = "cordova-plugin-meteor-webapp/GCDWebServerConnection.h"; sourceTree = "<group>"; fileEncoding = 4; lastKnownFileType = sourcecode.c.h; explicitFileType = undefined; includeInIndex = 0; };
		09AC26BED031493FBABF555C /* GCDWebServerFunctions.h */ = {isa = PBXFileReference; name = "GCDWebServerFunctions.h"; path = "cordova-plugin-meteor-webapp/GCDWebServerFunctions.h"; sourceTree = "<group>"; fileEncoding = 4; lastKnownFileType = sourcecode.c.h; explicitFileType = undefined; includeInIndex = 0; };
		9B0093933A754DBBA7FE6BF5 /* GCDWebServerHTTPStatusCodes.h */ = {isa = PBXFileReference; name = "GCDWebServerHTTPStatusCodes.h"; path = "cordova-plugin-meteor-webapp/GCDWebServerHTTPStatusCodes.h"; sourceTree = "<group>"; fileEncoding = 4; lastKnownFileType = sourcecode.c.h; explicitFileType = undefined; includeInIndex = 0; };
		62E61A9912ED432E8750281B /* GCDWebServerPrivate.h */ = {isa = PBXFileReference; name = "GCDWebServerPrivate.h"; path = "cordova-plugin-meteor-webapp/GCDWebServerPrivate.h"; sourceTree = "<group>"; fileEncoding = 4; lastKnownFileType = sourcecode.c.h; explicitFileType = undefined; includeInIndex = 0; };
		8394A3293881476ABE376021 /* GCDWebServerRequest.h */ = {isa = PBXFileReference; name = "GCDWebServerRequest.h"; path = "cordova-plugin-meteor-webapp/GCDWebServerRequest.h"; sourceTree = "<group>"; fileEncoding = 4; lastKnownFileType = sourcecode.c.h; explicitFileType = undefined; includeInIndex = 0; };
		AC2B73DE440D46E39DB43938 /* GCDWebServerResponse.h */ = {isa = PBXFileReference; name = "GCDWebServerResponse.h"; path = "cordova-plugin-meteor-webapp/GCDWebServerResponse.h"; sourceTree = "<group>"; fileEncoding = 4; lastKnownFileType = sourcecode.c.h; explicitFileType = undefined; includeInIndex = 0; };
		EE1A90E262084A45A37C5C4B /* GCDWebServerDataRequest.h */ = {isa = PBXFileReference; name = "GCDWebServerDataRequest.h"; path = "cordova-plugin-meteor-webapp/GCDWebServerDataRequest.h"; sourceTree = "<group>"; fileEncoding = 4; lastKnownFileType = sourcecode.c.h; explicitFileType = undefined; includeInIndex = 0; };
		1A5FEA1C41B848858E139FF8 /* GCDWebServerFileRequest.h */ = {isa = PBXFileReference; name = "GCDWebServerFileRequest.h"; path = "cordova-plugin-meteor-webapp/GCDWebServerFileRequest.h"; sourceTree = "<group>"; fileEncoding = 4; lastKnownFileType = sourcecode.c.h; explicitFileType = undefined; includeInIndex = 0; };
		DA623259DC474AA1A5DF0109 /* GCDWebServerMultiPartFormRequest.h */ = {isa = PBXFileReference; name = "GCDWebServerMultiPartFormRequest.h"; path = "cordova-plugin-meteor-webapp/GCDWebServerMultiPartFormRequest.h"; sourceTree = "<group>"; fileEncoding = 4; lastKnownFileType = sourcecode.c.h; explicitFileType = undefined; includeInIndex = 0; };
		B9351A26A7104D33A5B2A9F7 /* GCDWebServerURLEncodedFormRequest.h */ = {isa = PBXFileReference; name = "GCDWebServerURLEncodedFormRequest.h"; path = "cordova-plugin-meteor-webapp/GCDWebServerURLEncodedFormRequest.h"; sourceTree = "<group>"; fileEncoding = 4; lastKnownFileType = sourcecode.c.h; explicitFileType = undefined; includeInIndex = 0; };
		D9AE37CB00AE4174AFB04AC4 /* GCDWebServerDataResponse.h */ = {isa = PBXFileReference; name = "GCDWebServerDataResponse.h"; path = "cordova-plugin-meteor-webapp/GCDWebServerDataResponse.h"; sourceTree = "<group>"; fileEncoding = 4; lastKnownFileType = sourcecode.c.h; explicitFileType = undefined; includeInIndex = 0; };
		BF2938623E7F45408BE236B6 /* GCDWebServerErrorResponse.h */ = {isa = PBXFileReference; name = "GCDWebServerErrorResponse.h"; path = "cordova-plugin-meteor-webapp/GCDWebServerErrorResponse.h"; sourceTree = "<group>"; fileEncoding = 4; lastKnownFileType = sourcecode.c.h; explicitFileType = undefined; includeInIndex = 0; };
		183AB47521F043E3853F2F74 /* GCDWebServerFileResponse.h */ = {isa = PBXFileReference; name = "GCDWebServerFileResponse.h"; path = "cordova-plugin-meteor-webapp/GCDWebServerFileResponse.h"; sourceTree = "<group>"; fileEncoding = 4; lastKnownFileType = sourcecode.c.h; explicitFileType = undefined; includeInIndex = 0; };
		0C8815B085D2464985256913 /* GCDWebServerStreamedResponse.h */ = {isa = PBXFileReference; name = "GCDWebServerStreamedResponse.h"; path = "cordova-plugin-meteor-webapp/GCDWebServerStreamedResponse.h"; sourceTree = "<group>"; fileEncoding = 4; lastKnownFileType = sourcecode.c.h; explicitFileType = undefined; includeInIndex = 0; };
		13917A326EBB42D4967C485A /* CFNetwork.framework */ = {isa = PBXFileReference; name = "CFNetwork.framework"; path = "System/Library/Frameworks/CFNetwork.framework"; sourceTree = SDKROOT; fileEncoding = undefined; lastKnownFileType = wrapper.framework; explicitFileType = undefined; includeInIndex = 0; };
		406B505C4B6B42F0942191D6 /* libz.dylib */ = {isa = PBXFileReference; name = "libz.dylib"; path = "usr/lib/libz.dylib"; sourceTree = SDKROOT; fileEncoding = undefined; lastKnownFileType = compiled.mach-o.dylib; explicitFileType = undefined; includeInIndex = 0; };
		A70566EC0B62414D98747CDE /* CDVStatusBar.m */ = {isa = PBXFileReference; name = "CDVStatusBar.m"; path = "cordova-plugin-statusbar/CDVStatusBar.m"; sourceTree = "<group>"; fileEncoding = 4; lastKnownFileType = sourcecode.c.objc; explicitFileType = undefined; includeInIndex = 0; };
		47504128A5D1485AA03C4054 /* CDVStatusBar.h */ = {isa = PBXFileReference; name = "CDVStatusBar.h"; path = "cordova-plugin-statusbar/CDVStatusBar.h"; sourceTree = "<group>"; fileEncoding = 4; lastKnownFileType = sourcecode.c.h; explicitFileType = undefined; includeInIndex = 0; };
		46755B472C6F4B29A8F941D8 /* CDVSplashScreen.m */ = {isa = PBXFileReference; name = "CDVSplashScreen.m"; path = "cordova-plugin-splashscreen/CDVSplashScreen.m"; sourceTree = "<group>"; fileEncoding = 4; lastKnownFileType = sourcecode.c.objc; explicitFileType = undefined; includeInIndex = 0; };
		4CD63C9D2686406FB8AFB0BA /* CDVViewController+SplashScreen.m */ = {isa = PBXFileReference; name = "CDVViewController+SplashScreen.m"; path = "cordova-plugin-splashscreen/CDVViewController+SplashScreen.m"; sourceTree = "<group>"; fileEncoding = 4; lastKnownFileType = sourcecode.c.objc; explicitFileType = undefined; includeInIndex = 0; };
		8B1E710A7214415684F60BF5 /* CDVSplashScreen.h */ = {isa = PBXFileReference; name = "CDVSplashScreen.h"; path = "cordova-plugin-splashscreen/CDVSplashScreen.h"; sourceTree = "<group>"; fileEncoding = 4; lastKnownFileType = sourcecode.c.h; explicitFileType = undefined; includeInIndex = 0; };
		0A7818F70BE74CE1A8855874 /* CDVViewController+SplashScreen.h */ = {isa = PBXFileReference; name = "CDVViewController+SplashScreen.h"; path = "cordova-plugin-splashscreen/CDVViewController+SplashScreen.h"; sourceTree = "<group>"; fileEncoding = 4; lastKnownFileType = sourcecode.c.h; explicitFileType = undefined; includeInIndex = 0; };
/* End PBXFileReference section */

/* Begin PBXFrameworksBuildPhase section */
		1D60588F0D05DD3D006BFB54 /* Frameworks */ = {
			isa = PBXFrameworksBuildPhase;
			buildActionMask = 2147483647;
			files = (
				301BF552109A68D80062928A /* libCordova.a in Frameworks */,
				5757212EB98A4CD4A82C2ED9 /* ImageIO.framework in Frameworks */,
				8661857557D9481AA4C87C26 /* CoreLocation.framework in Frameworks */,
				F3525DAC033443F08A85C67B /* AVFoundation.framework in Frameworks */,
				8EBB2F6E6D434C98B2629479 /* WebKit.framework in Frameworks */,
				AC2788F1D60843DA916F2340 /* CFNetwork.framework in Frameworks */,
				648F951C65644830AE74FE60 /* libz.dylib in Frameworks */,
			);
			runOnlyForDeploymentPostprocessing = 0;
		};
/* End PBXFrameworksBuildPhase section */

/* Begin PBXGroup section */
		080E96DDFE201D6D7F000001 /* Classes */ = {
			isa = PBXGroup;
			children = (
				302D95EE14D2391D003F00A1 /* MainViewController.h */,
				302D95EF14D2391D003F00A1 /* MainViewController.m */,
				302D95F014D2391D003F00A1 /* MainViewController.xib */,
				1D3623240D0F684500981E51 /* AppDelegate.h */,
				1D3623250D0F684500981E51 /* AppDelegate.m */,
			);
			name = Classes;
			path = "formulasZama/Classes";
			sourceTree = SOURCE_ROOT;
		};
		19C28FACFE9D520D11CA2CBB /* Products */ = {
			isa = PBXGroup;
			children = (
				1D6058910D05DD3D006BFB54 /* formulasZama.app */,
			);
			name = Products;
			sourceTree = "<group>";
		};
		29B97314FDCFA39411CA2CEA /* CustomTemplate */ = {
			isa = PBXGroup;
			children = (
				EB87FDF41871DAF40020F90C /* config.xml */,
				EB87FDF31871DA8E0020F90C /* www */,
				EB87FDF11871DA420020F90C /* Staging */,
				301BF52D109A57CC0062928A /* CordovaLib.xcodeproj */,
				080E96DDFE201D6D7F000001 /* Classes */,
				307C750510C5A3420062BCA9 /* Plugins */,
				29B97315FDCFA39411CA2CEA /* Other Sources */,
				29B97317FDCFA39411CA2CEA /* Resources */,
				29B97323FDCFA39411CA2CEA /* Frameworks */,
				19C28FACFE9D520D11CA2CBB /* Products */,
			);
			name = CustomTemplate;
			sourceTree = "<group>";
		};
		29B97315FDCFA39411CA2CEA /* Other Sources */ = {
			isa = PBXGroup;
			children = (
				32CA4F630368D1EE00C91783 /* formulasZama-Prefix.pch */,
				29B97316FDCFA39411CA2CEA /* main.m */,
				ED33DF2A687741AEAF9F8254 /* Bridging-Header.h */,
			);
			name = "Other Sources";
			path = "formulasZama";
			sourceTree = "<group>";
		};
		29B97317FDCFA39411CA2CEA /* Resources */ = {
			isa = PBXGroup;
			children = (
				0207DA571B56EA530066E2B4 /* Images.xcassets */,
				3047A50E1AB8057F00498E2A /* config */,
				8D1107310486CEB800E47090 /* formulasZama-Info.plist */,
			);
			name = Resources;
			path = "formulasZama/Resources";
			sourceTree = "<group>";
		};
		29B97323FDCFA39411CA2CEA /* Frameworks */ = {
			isa = PBXGroup;
			children = (
				1B0A73D9DAFF4E069CB82F21 /* ImageIO.framework */,
				434967FA6B01489B82F89E29 /* CoreLocation.framework */,
				ED441FC4F86D43368BE06339 /* AVFoundation.framework */,
				A9C352C4133B4DC5A8D6B1A8 /* WebKit.framework */,
				13917A326EBB42D4967C485A /* CFNetwork.framework */,
				406B505C4B6B42F0942191D6 /* libz.dylib */,
			);
			name = Frameworks;
			sourceTree = "<group>";
		};
		301BF52E109A57CC0062928A /* Products */ = {
			isa = PBXGroup;
			children = (
				301BF535109A57CC0062928A /* libCordova.a */,
			);
			name = Products;
			sourceTree = "<group>";
		};
		3047A50E1AB8057F00498E2A /* config */ = {
			isa = PBXGroup;
			children = (
				3047A50F1AB8059700498E2A /* build-debug.xcconfig */,
				3047A5101AB8059700498E2A /* build-release.xcconfig */,
				3047A5111AB8059700498E2A /* build.xcconfig */,
			);
			name = config;
			sourceTree = "<group>";
		};
		307C750510C5A3420062BCA9 /* Plugins */ = {
			isa = PBXGroup;
			children = (
				1BB24B3FB5E44C22AE1F55BD /* UIImage+CropScaleOrientation.m */,
				955813A079DB48AA8411655A /* CDVCamera.m */,
				E56114F837624C71825093A3 /* CDVJpegHeaderWriter.m */,
				D83D5E762E33491F8A7BE23C /* UIImage+CropScaleOrientation.h */,
				B63B9A430F0D42D882A1FC18 /* CDVCamera.h */,
				6E8CF8F183EC42BCBDB63D2D /* CDVJpegHeaderWriter.h */,
				9876AB513ED14E059BFF8998 /* CDVExif.h */,
				993427C811F547B8BF9F270E /* CDVWKWebViewEngine.m */,
				6B8521B057A44D069F5AAA5A /* CDVWKWebViewUIDelegate.m */,
				07467945DC89453A8A48B400 /* CDVWKWebViewEngine.h */,
				0B441E0CB3B14BCA9FAC0215 /* CDVWKWebViewUIDelegate.h */,
				591B6995610549B1ACC2136B /* WebAppLocalServer.swift */,
				808EAA3A8EF34BBC9451F2C2 /* WebAppConfiguration.swift */,
				F4D951AD866549EE84C8994E /* AssetBundleManager.swift */,
				2CC76C45E8DB4AD39AC0C1E7 /* AssetBundle.swift */,
				0563151A545F4A12AF8DA7DF /* Asset.swift */,
				7E432F79C2AC4DE79600A561 /* AssetBundleDownloader.swift */,
				B37DC5454E974AB49C17F7D7 /* AssetManifest.swift */,
				D6A9C783CF384945AE2A660A /* Errors.swift */,
				57E9D2BF903B43488D589B57 /* Utility.swift */,
				E6C82143A6D84659B8D7C9E0 /* METPlugin.m */,
				41F3BE677A124A4DA7C60C39 /* METTimer.m */,
				59D1B5CA630440FC81A60586 /* METRetryStrategy.m */,
				09C18CB7B066480F8047C746 /* METNetworkReachabilityManager.m */,
				AE88087110BB4D25A89292D8 /* METRandomValueGenerator.m */,
				ADFED4BB9FC74870B5BEA8AF /* GCDWebServer.m */,
				00E8DE5426AF4A9A84AEB5F8 /* GCDWebServerConnection.m */,
				896AFD3C593A4AFD9F831B0D /* GCDWebServerFunctions.m */,
				327EDF28DF8E4CD6B54E70ED /* GCDWebServerRequest.m */,
				C86D361994DA462C8F1021B1 /* GCDWebServerResponse.m */,
				AC3DBB3466D4427C9D97F60C /* GCDWebServerDataRequest.m */,
				6AE7F7821D3E44358C891B80 /* GCDWebServerFileRequest.m */,
				D67E2AECA095425CAD562F48 /* GCDWebServerMultiPartFormRequest.m */,
				18A562CCC6A041479CF0AEDE /* GCDWebServerURLEncodedFormRequest.m */,
				72675E7C6AC44C17A7A9795E /* GCDWebServerDataResponse.m */,
				6BBBFE703502428C8120763A /* GCDWebServerErrorResponse.m */,
				EF4C09A6B3C94F9084C4EF94 /* GCDWebServerFileResponse.m */,
				EDD1BB40861C49F1917D9570 /* GCDWebServerStreamedResponse.m */,
				1AB9E8D6D80B433785C336DC /* cordova-plugin-meteor-webapp-Bridging-Header.h */,
				0A447DF11CDB4DF7A7337F88 /* METPlugin.h */,
				AB22D33D97C54E499AAD6177 /* METTimer.h */,
				1A79F4E12A7A4B168B3FE08D /* METRetryStrategy.h */,
				459D2EDCF07C4EB89F2A7981 /* METNetworkReachabilityManager.h */,
				F677459A362D409984983FE4 /* METRandomValueGenerator.h */,
				BA21848C19584EDD97D158BE /* GCDWebServer.h */,
				DF769E1CA71B429F8B675828 /* GCDWebServerConnection.h */,
				09AC26BED031493FBABF555C /* GCDWebServerFunctions.h */,
				9B0093933A754DBBA7FE6BF5 /* GCDWebServerHTTPStatusCodes.h */,
				62E61A9912ED432E8750281B /* GCDWebServerPrivate.h */,
				8394A3293881476ABE376021 /* GCDWebServerRequest.h */,
				AC2B73DE440D46E39DB43938 /* GCDWebServerResponse.h */,
				EE1A90E262084A45A37C5C4B /* GCDWebServerDataRequest.h */,
				1A5FEA1C41B848858E139FF8 /* GCDWebServerFileRequest.h */,
				DA623259DC474AA1A5DF0109 /* GCDWebServerMultiPartFormRequest.h */,
				B9351A26A7104D33A5B2A9F7 /* GCDWebServerURLEncodedFormRequest.h */,
				D9AE37CB00AE4174AFB04AC4 /* GCDWebServerDataResponse.h */,
				BF2938623E7F45408BE236B6 /* GCDWebServerErrorResponse.h */,
				183AB47521F043E3853F2F74 /* GCDWebServerFileResponse.h */,
				0C8815B085D2464985256913 /* GCDWebServerStreamedResponse.h */,
				A70566EC0B62414D98747CDE /* CDVStatusBar.m */,
				47504128A5D1485AA03C4054 /* CDVStatusBar.h */,
				46755B472C6F4B29A8F941D8 /* CDVSplashScreen.m */,
				4CD63C9D2686406FB8AFB0BA /* CDVViewController+SplashScreen.m */,
				8B1E710A7214415684F60BF5 /* CDVSplashScreen.h */,
				0A7818F70BE74CE1A8855874 /* CDVViewController+SplashScreen.h */,
			);
			name = Plugins;
			path = "formulasZama/Plugins";
			sourceTree = SOURCE_ROOT;
		};
		EB87FDF11871DA420020F90C /* Staging */ = {
			isa = PBXGroup;
			children = (
				F840E1F0165FE0F500CFE078 /* config.xml */,
				301BF56E109A69640062928A /* www */,
			);
			name = Staging;
			sourceTree = "<group>";
		};
/* End PBXGroup section */

/* Begin PBXNativeTarget section */
		1D6058900D05DD3D006BFB54 /* formulasZama */ = {
			isa = PBXNativeTarget;
			buildConfigurationList = 1D6058960D05DD3E006BFB54 /* Build configuration list for PBXNativeTarget "formulasZama" */;
			buildPhases = (
				304B58A110DAC018002A0835 /* Copy www directory */,
				1D60588D0D05DD3D006BFB54 /* Resources */,
				1D60588E0D05DD3D006BFB54 /* Sources */,
				1D60588F0D05DD3D006BFB54 /* Frameworks */,
			);
			buildRules = (
			);
			dependencies = (
				301BF551109A68C00062928A /* PBXTargetDependency */,
			);
			name = "formulasZama";
			productName = "formulasZama";
			productReference = 1D6058910D05DD3D006BFB54 /* formulasZama.app */;
			productType = "com.apple.product-type.application";
		};
/* End PBXNativeTarget section */

/* Begin PBXProject section */
		29B97313FDCFA39411CA2CEA /* Project object */ = {
			isa = PBXProject;
			attributes = {
				LastUpgradeCheck = 510;
				LastSwiftUpdateCheck = 0720;
			};
			buildConfigurationList = C01FCF4E08A954540054247B /* Build configuration list for PBXProject "__NON-CLI__" */;
			compatibilityVersion = "Xcode 3.2";
			developmentRegion = English;
			hasScannedForEncodings = 1;
			mainGroup = 29B97314FDCFA39411CA2CEA /* CustomTemplate */;
			projectDirPath = "";
			projectReferences = (
				{
					ProductGroup = 301BF52E109A57CC0062928A /* Products */;
					ProjectRef = 301BF52D109A57CC0062928A /* CordovaLib.xcodeproj */;
				},
			);
			projectRoot = "";
			targets = (
				1D6058900D05DD3D006BFB54 /* formulasZama */,
			);
		};
/* End PBXProject section */

/* Begin PBXReferenceProxy section */
		301BF535109A57CC0062928A /* libCordova.a */ = {
			isa = PBXReferenceProxy;
			fileType = archive.ar;
			path = libCordova.a;
			remoteRef = 301BF534109A57CC0062928A /* PBXContainerItemProxy */;
			sourceTree = BUILT_PRODUCTS_DIR;
		};
/* End PBXReferenceProxy section */

/* Begin PBXResourcesBuildPhase section */
		1D60588D0D05DD3D006BFB54 /* Resources */ = {
			isa = PBXResourcesBuildPhase;
			buildActionMask = 2147483647;
			files = (
				302D95F214D2391D003F00A1 /* MainViewController.xib in Resources */,
				3047A5131AB8059700498E2A /* build-release.xcconfig in Resources */,
				3047A5141AB8059700498E2A /* build.xcconfig in Resources */,
				0207DA581B56EA530066E2B4 /* Images.xcassets in Resources */,
				3047A5121AB8059700498E2A /* build-debug.xcconfig in Resources */,
			);
			runOnlyForDeploymentPostprocessing = 0;
		};
/* End PBXResourcesBuildPhase section */

/* Begin PBXShellScriptBuildPhase section */
		304B58A110DAC018002A0835 /* Copy www directory */ = {
			isa = PBXShellScriptBuildPhase;
			buildActionMask = 2147483647;
			files = (
			);
			inputPaths = (
			);
			name = "Copy www directory";
			outputPaths = (
			);
			runOnlyForDeploymentPostprocessing = 0;
			shellPath = /bin/sh;
			shellScript = "NODEJS_PATH=/usr/local/bin; NVM_NODE_PATH=~/.nvm/versions/node/`nvm version 2>/dev/null`/bin; N_NODE_PATH=`find /usr/local/n/versions/node/* -maxdepth 0 -type d 2>/dev/null | tail -1`/bin; XCODE_NODE_PATH=`xcode-select --print-path`/usr/share/xcs/Node/bin; PATH=$NODEJS_PATH:$NVM_NODE_PATH:$N_NODE_PATH:$XCODE_NODE_PATH:$PATH && node cordova/lib/copy-www-build-step.js";
			showEnvVarsInLog = 0;
		};
/* End PBXShellScriptBuildPhase section */

/* Begin PBXSourcesBuildPhase section */
		1D60588E0D05DD3D006BFB54 /* Sources */ = {
			isa = PBXSourcesBuildPhase;
			buildActionMask = 2147483647;
			files = (
				1D60589B0D05DD56006BFB54 /* main.m in Sources */,
				1D3623260D0F684500981E51 /* AppDelegate.m in Sources */,
				302D95F114D2391D003F00A1 /* MainViewController.m in Sources */,
				21C647D9CD794EB19E9D4382 /* UIImage+CropScaleOrientation.m in Sources */,
				9F0B2699EDEF4699ADE90767 /* CDVCamera.m in Sources */,
				3B159ECAC7534E97A06AA4FB /* CDVJpegHeaderWriter.m in Sources */,
				87125F2D3D574656BDE772F3 /* CDVWKWebViewEngine.m in Sources */,
				E892D639C16E47D0BA9D7C78 /* CDVWKWebViewUIDelegate.m in Sources */,
				27AE0C395EBB4F83A58995B2 /* WebAppLocalServer.swift in Sources */,
				6B888BC5976F433A910CCB65 /* WebAppConfiguration.swift in Sources */,
				DBF7D759BFD9436980F5DEF6 /* AssetBundleManager.swift in Sources */,
				6AA65C3C2A6E43DDA83DBEEA /* AssetBundle.swift in Sources */,
				F0F1C6B65C264BAA9ABB86C1 /* Asset.swift in Sources */,
				F12AEC1934F44CFFB1F9F441 /* AssetBundleDownloader.swift in Sources */,
				F8AF32AC95B847709DC73412 /* AssetManifest.swift in Sources */,
				DFBCB295D94C4AECBD3D4D06 /* Errors.swift in Sources */,
				6EAB213E2B50490196A8E30B /* Utility.swift in Sources */,
				C512D4E152904A5C8E642A34 /* METPlugin.m in Sources */,
				2A892AAF33A84BEA8970152D /* METTimer.m in Sources */,
				B951E5B5499C42D4A26FEB7A /* METRetryStrategy.m in Sources */,
				9A989AA9212F4DB8B57B2E2E /* METNetworkReachabilityManager.m in Sources */,
				D3E3A516369646229929B377 /* METRandomValueGenerator.m in Sources */,
				F5F31B6718BC4EA4BB7FEE2D /* GCDWebServer.m in Sources */,
				A3A9D1F6669944598A6020B5 /* GCDWebServerConnection.m in Sources */,
				6BDEDD9486EC4BC28CC79B51 /* GCDWebServerFunctions.m in Sources */,
				9FDB4BD3B3CE4439B16FEEB3 /* GCDWebServerRequest.m in Sources */,
				2D17122420864706BBD5D8E5 /* GCDWebServerResponse.m in Sources */,
				46475AF609174D4D99E8D18C /* GCDWebServerDataRequest.m in Sources */,
				A920852F7997460C9830D843 /* GCDWebServerFileRequest.m in Sources */,
				9F611EE740D6476A89EBECB8 /* GCDWebServerMultiPartFormRequest.m in Sources */,
				14038674E3E74133886237A6 /* GCDWebServerURLEncodedFormRequest.m in Sources */,
				E175603A1E69433699D6E3D7 /* GCDWebServerDataResponse.m in Sources */,
				EDB460A8491442239FF24D31 /* GCDWebServerErrorResponse.m in Sources */,
				3221E086B52E4B70ADE1E28A /* GCDWebServerFileResponse.m in Sources */,
				13609AE582C743EDAE9032DE /* GCDWebServerStreamedResponse.m in Sources */,
				F88DCD0A7E7040DBB5DE4B69 /* CDVStatusBar.m in Sources */,
				7191828C42D348BC8A49D5AC /* CDVSplashScreen.m in Sources */,
				5F13600821B74F029A509F9B /* CDVViewController+SplashScreen.m in Sources */,
			);
			runOnlyForDeploymentPostprocessing = 0;
		};
/* End PBXSourcesBuildPhase section */

/* Begin PBXTargetDependency section */
		301BF551109A68C00062928A /* PBXTargetDependency */ = {
			isa = PBXTargetDependency;
			name = CordovaLib;
			targetProxy = 301BF550109A68C00062928A /* PBXContainerItemProxy */;
		};
/* End PBXTargetDependency section */

/* Begin XCBuildConfiguration section */
		1D6058940D05DD3E006BFB54 /* Debug */ = {
			isa = XCBuildConfiguration;
			baseConfigurationReference = 3047A50F1AB8059700498E2A /* build-debug.xcconfig */;
			buildSettings = {
				ALWAYS_SEARCH_USER_PATHS = NO;
				ASSETCATALOG_COMPILER_APPICON_NAME = AppIcon;
				ASSETCATALOG_COMPILER_LAUNCHIMAGE_NAME = LaunchImage;
				CLANG_ENABLE_MODULES = YES;
				CLANG_ENABLE_OBJC_ARC = YES;
				COPY_PHASE_STRIP = NO;
				GCC_DYNAMIC_NO_PIC = NO;
				GCC_OPTIMIZATION_LEVEL = 0;
				GCC_PRECOMPILE_PREFIX_HEADER = YES;
				GCC_PREFIX_HEADER = "formulasZama/formulasZama-Prefix.pch";
				GCC_THUMB_SUPPORT = NO;
				GCC_VERSION = "";
				INFOPLIST_FILE = "formulasZama/formulasZama-Info.plist";
				LD_RUNPATH_SEARCH_PATHS = "@executable_path/Frameworks";
				PRODUCT_NAME = "formulasZama";
			};
			name = Debug;
		};
		1D6058950D05DD3E006BFB54 /* Release */ = {
			isa = XCBuildConfiguration;
			baseConfigurationReference = 3047A5101AB8059700498E2A /* build-release.xcconfig */;
			buildSettings = {
				ALWAYS_SEARCH_USER_PATHS = NO;
				ASSETCATALOG_COMPILER_APPICON_NAME = AppIcon;
				ASSETCATALOG_COMPILER_LAUNCHIMAGE_NAME = LaunchImage;
				CLANG_ENABLE_MODULES = YES;
				CLANG_ENABLE_OBJC_ARC = YES;
				COPY_PHASE_STRIP = YES;
				GCC_PRECOMPILE_PREFIX_HEADER = YES;
				GCC_PREFIX_HEADER = "formulasZama/formulasZama-Prefix.pch";
				GCC_THUMB_SUPPORT = NO;
				GCC_VERSION = "";
				INFOPLIST_FILE = "formulasZama/formulasZama-Info.plist";
				PRODUCT_NAME = "formulasZama";
			};
			name = Release;
		};
		C01FCF4F08A954540054247B /* Debug */ = {
			isa = XCBuildConfiguration;
			baseConfigurationReference = 3047A5111AB8059700498E2A /* build.xcconfig */;
			buildSettings = {
				CLANG_ENABLE_MODULES = YES;
				CLANG_ENABLE_OBJC_ARC = YES;
				CLANG_WARN_BOOL_CONVERSION = YES;
				CLANG_WARN_CONSTANT_CONVERSION = YES;
				CLANG_WARN_EMPTY_BODY = YES;
				CLANG_WARN_ENUM_CONVERSION = YES;
				CLANG_WARN_INT_CONVERSION = YES;
				CLANG_WARN__DUPLICATE_METHOD_MATCH = YES;
				GCC_C_LANGUAGE_STANDARD = c99;
				GCC_THUMB_SUPPORT = NO;
				GCC_VERSION = "";
				GCC_WARN_ABOUT_RETURN_TYPE = YES;
				GCC_WARN_UNDECLARED_SELECTOR = YES;
				GCC_WARN_UNINITIALIZED_AUTOS = YES;
				GCC_WARN_UNUSED_FUNCTION = YES;
				GCC_WARN_UNUSED_VARIABLE = YES;
				ONLY_ACTIVE_ARCH = YES;
				SDKROOT = iphoneos;
				SKIP_INSTALL = NO;
			};
			name = Debug;
		};
		C01FCF5008A954540054247B /* Release */ = {
			isa = XCBuildConfiguration;
			baseConfigurationReference = 3047A5111AB8059700498E2A /* build.xcconfig */;
			buildSettings = {
				CLANG_ENABLE_MODULES = YES;
				CLANG_ENABLE_OBJC_ARC = YES;
				CLANG_WARN_BOOL_CONVERSION = YES;
				CLANG_WARN_CONSTANT_CONVERSION = YES;
				CLANG_WARN_EMPTY_BODY = YES;
				CLANG_WARN_ENUM_CONVERSION = YES;
				CLANG_WARN_INT_CONVERSION = YES;
				CLANG_WARN__DUPLICATE_METHOD_MATCH = YES;
				GCC_C_LANGUAGE_STANDARD = c99;
				GCC_THUMB_SUPPORT = NO;
				GCC_VERSION = "";
				GCC_WARN_ABOUT_RETURN_TYPE = YES;
				GCC_WARN_UNDECLARED_SELECTOR = YES;
				GCC_WARN_UNINITIALIZED_AUTOS = YES;
				GCC_WARN_UNUSED_FUNCTION = YES;
				GCC_WARN_UNUSED_VARIABLE = YES;
				SDKROOT = iphoneos;
				SKIP_INSTALL = NO;
			};
			name = Release;
		};
/* End XCBuildConfiguration section */

/* Begin XCConfigurationList section */
		1D6058960D05DD3E006BFB54 /* Build configuration list for PBXNativeTarget "formulasZama" */ = {
			isa = XCConfigurationList;
			buildConfigurations = (
				1D6058940D05DD3E006BFB54 /* Debug */,
				1D6058950D05DD3E006BFB54 /* Release */,
			);
			defaultConfigurationIsVisible = 0;
			defaultConfigurationName = Release;
		};
		C01FCF4E08A954540054247B /* Build configuration list for PBXProject "__NON-CLI__" */ = {
			isa = XCConfigurationList;
			buildConfigurations = (
				C01FCF4F08A954540054247B /* Debug */,
				C01FCF5008A954540054247B /* Release */,
			);
			defaultConfigurationIsVisible = 0;
			defaultConfigurationName = Release;
		};
/* End XCConfigurationList section */
	};
	rootObject = 29B97313FDCFA39411CA2CEA /* Project object */;
}
