// !$*UTF8*$!
{
	archiveVersion = 1;
	classes = {
	};
	objectVersion = 46;
	objects = {
/* Begin PBXBuildFile section */
		0207DA581B56EA530066E2B4 /* Images.xcassets in Resources */ = {isa = PBXBuildFile; fileRef = 0207DA571B56EA530066E2B4 /* Images.xcassets */; };
		1D3623260D0F684500981E51 /* AppDelegate.m in Sources */ = {isa = PBXBuildFile; fileRef = 1D3623250D0F684500981E51 /* AppDelegate.m */; };
		1D60589B0D05DD56006BFB54 /* main.m in Sources */ = {isa = PBXBuildFile; fileRef = 29B97316FDCFA39411CA2CEA /* main.m */; };
		301BF552109A68D80062928A /* libCordova.a in Frameworks */ = {isa = PBXBuildFile; fileRef = 301BF535109A57CC0062928A /* libCordova.a */; };
		302D95F114D2391D003F00A1 /* MainViewController.m in Sources */ = {isa = PBXBuildFile; fileRef = 302D95EF14D2391D003F00A1 /* MainViewController.m */; };
		302D95F214D2391D003F00A1 /* MainViewController.xib in Resources */ = {isa = PBXBuildFile; fileRef = 302D95F014D2391D003F00A1 /* MainViewController.xib */; };
		3047A5121AB8059700498E2A /* build-debug.xcconfig in Resources */ = {isa = PBXBuildFile; fileRef = 3047A50F1AB8059700498E2A /* build-debug.xcconfig */; };
		3047A5131AB8059700498E2A /* build-release.xcconfig in Resources */ = {isa = PBXBuildFile; fileRef = 3047A5101AB8059700498E2A /* build-release.xcconfig */; };
		3047A5141AB8059700498E2A /* build.xcconfig in Resources */ = {isa = PBXBuildFile; fileRef = 3047A5111AB8059700498E2A /* build.xcconfig */; };
		8AB359F59F914B868C5FB4C0 /* UIImage+CropScaleOrientation.m in Sources */ = {isa = PBXBuildFile; fileRef = 41FA8061995C47039580342B /* UIImage+CropScaleOrientation.m */; };
		13F1C5266EB842D499B8F2EB /* CDVCamera.m in Sources */ = {isa = PBXBuildFile; fileRef = 8B840055CD1B4EADB84CD51C /* CDVCamera.m */; };
		EDE53E405288492A8997D7C6 /* CDVJpegHeaderWriter.m in Sources */ = {isa = PBXBuildFile; fileRef = 56019E0F4B69467F857C65CC /* CDVJpegHeaderWriter.m */; };
		EE280F628B3D48DC84F023AB /* ImageIO.framework in Frameworks */ = {isa = PBXBuildFile; fileRef = 23C22274CC9147E48DDB61D0 /* ImageIO.framework */; settings = {ATTRIBUTES = (Weak, ); }; };
		B7130E5DCDEF4EE197A98CFF /* CoreLocation.framework in Frameworks */ = {isa = PBXBuildFile; fileRef = 0F4A0012B65D4E99A22A0EFF /* CoreLocation.framework */; };
		7362338BDEC14837A8CCD38E /* AVFoundation.framework in Frameworks */ = {isa = PBXBuildFile; fileRef = 90E52C2B8B9F424FB33A5A83 /* AVFoundation.framework */; };
		7E34EB8A94B74CBEAE54680E /* CDVWKWebViewEngine.m in Sources */ = {isa = PBXBuildFile; fileRef = 6D261E350A264E9BA454F4AD /* CDVWKWebViewEngine.m */; };
		FE9115E117634CEF8F978F0E /* CDVWKWebViewUIDelegate.m in Sources */ = {isa = PBXBuildFile; fileRef = 902F9108C8D74CA09717FFE0 /* CDVWKWebViewUIDelegate.m */; };
		59A06E0405414B15BA735F57 /* WebKit.framework in Frameworks */ = {isa = PBXBuildFile; fileRef = A85E6F770ADF4E2ABE14C365 /* WebKit.framework */; settings = {ATTRIBUTES = (Weak, ); }; };
		EE7FFC085BC74F74A9836FF0 /* WebAppLocalServer.swift in Sources */ = {isa = PBXBuildFile; fileRef = 395DB3D07C8C4D6E9EF6F50F /* WebAppLocalServer.swift */; };
		D631186EC76B46DD8480B4D5 /* WebAppConfiguration.swift in Sources */ = {isa = PBXBuildFile; fileRef = A23BE8B7BB9A4E6BA98E0822 /* WebAppConfiguration.swift */; };
		D84ACE1F5976444BA12AEE8B /* AssetBundleManager.swift in Sources */ = {isa = PBXBuildFile; fileRef = 419D7AA903E045C5AB51605A /* AssetBundleManager.swift */; };
		A7A00F2FB88247A7814AB09D /* AssetBundle.swift in Sources */ = {isa = PBXBuildFile; fileRef = 562C9CB30F64435CBAE25BF5 /* AssetBundle.swift */; };
		6AD362C6155F41EC8E8F08AC /* Asset.swift in Sources */ = {isa = PBXBuildFile; fileRef = 81E6D8D359D8466B90665870 /* Asset.swift */; };
		39463A0FBA5D4ADC8F9B2935 /* AssetBundleDownloader.swift in Sources */ = {isa = PBXBuildFile; fileRef = 27D25AECB2B04ACF916FC9A9 /* AssetBundleDownloader.swift */; };
		011EC67F4EEF4EBB87397C55 /* AssetManifest.swift in Sources */ = {isa = PBXBuildFile; fileRef = 38F7DFA74F5446A0912F5A9E /* AssetManifest.swift */; };
		472A1600AA7A4082BC50AFF5 /* Errors.swift in Sources */ = {isa = PBXBuildFile; fileRef = EC4E88E388F841DAA14CAA21 /* Errors.swift */; };
		14DFA9A58A394FA5A17F7A29 /* Utility.swift in Sources */ = {isa = PBXBuildFile; fileRef = 784D4AC8EB1348AAA331553B /* Utility.swift */; };
		175B35A256564833950FE179 /* METPlugin.m in Sources */ = {isa = PBXBuildFile; fileRef = 7F115843605A41AD8A0B0FC7 /* METPlugin.m */; };
		22D0AE4204834BECAED85278 /* METTimer.m in Sources */ = {isa = PBXBuildFile; fileRef = 8FA82CD8A3FE4690BFA22C38 /* METTimer.m */; };
		DF10FEFADDFE440093620377 /* METRetryStrategy.m in Sources */ = {isa = PBXBuildFile; fileRef = 11803E1F2E4B410D8D2D0186 /* METRetryStrategy.m */; };
		FE405C41CE774B0BAA4C27E6 /* METNetworkReachabilityManager.m in Sources */ = {isa = PBXBuildFile; fileRef = F1E8806995E34B3D842BBCD1 /* METNetworkReachabilityManager.m */; };
		5F43D499267E4235AF3B3A93 /* METRandomValueGenerator.m in Sources */ = {isa = PBXBuildFile; fileRef = DDFED083EB8649139E6B39E7 /* METRandomValueGenerator.m */; };
		651EBC40DCD24A6ABCB0D306 /* GCDWebServer.m in Sources */ = {isa = PBXBuildFile; fileRef = D516084E3F1A4876A44B8585 /* GCDWebServer.m */; };
		40A6231D298941929695EEEF /* GCDWebServerConnection.m in Sources */ = {isa = PBXBuildFile; fileRef = 47D23BDF6D244D9A80BE2964 /* GCDWebServerConnection.m */; };
		DF2F75C178D84497BD0E5093 /* GCDWebServerFunctions.m in Sources */ = {isa = PBXBuildFile; fileRef = 52314E6B9C754180B916FED7 /* GCDWebServerFunctions.m */; };
		4A2FF0F8AD61447586EEAA74 /* GCDWebServerRequest.m in Sources */ = {isa = PBXBuildFile; fileRef = 83CA1B57F4B4443E956DA9F7 /* GCDWebServerRequest.m */; };
		A55F83D33FE447BF8D15F303 /* GCDWebServerResponse.m in Sources */ = {isa = PBXBuildFile; fileRef = D4C091A0D6614C0BB62CC192 /* GCDWebServerResponse.m */; };
		CD91BCB33B314317851D529A /* GCDWebServerDataRequest.m in Sources */ = {isa = PBXBuildFile; fileRef = 158531CD9E19489B909BE1B4 /* GCDWebServerDataRequest.m */; };
		73559972B8A9438C9324EC8C /* GCDWebServerFileRequest.m in Sources */ = {isa = PBXBuildFile; fileRef = BB34ECC3B4BA4E44BD05CCE9 /* GCDWebServerFileRequest.m */; };
		A36A019F51604215A839BE07 /* GCDWebServerMultiPartFormRequest.m in Sources */ = {isa = PBXBuildFile; fileRef = BCB02E9A06F244F1879613AA /* GCDWebServerMultiPartFormRequest.m */; };
		0E03F9090F1C4A5ABA4DE88C /* GCDWebServerURLEncodedFormRequest.m in Sources */ = {isa = PBXBuildFile; fileRef = FA1518D1244647B4969DBBD1 /* GCDWebServerURLEncodedFormRequest.m */; };
		E2A1323D670A476D8CF531E1 /* GCDWebServerDataResponse.m in Sources */ = {isa = PBXBuildFile; fileRef = 715AC4F31DC94DB9BB970AE0 /* GCDWebServerDataResponse.m */; };
		A4B0C38D4E0C420BB357F73A /* GCDWebServerErrorResponse.m in Sources */ = {isa = PBXBuildFile; fileRef = C5C6CD8A577C4F67874B0229 /* GCDWebServerErrorResponse.m */; };
		D4F95BFD0064487985E09FAD /* GCDWebServerFileResponse.m in Sources */ = {isa = PBXBuildFile; fileRef = A9F2FD88717C43FC9F46C2DF /* GCDWebServerFileResponse.m */; };
		AA2745B697924918A3D2D383 /* GCDWebServerStreamedResponse.m in Sources */ = {isa = PBXBuildFile; fileRef = 6CA449E3591148A5B80A0ABC /* GCDWebServerStreamedResponse.m */; };
		F1E8D61DB4264958AEB8442C /* CFNetwork.framework in Frameworks */ = {isa = PBXBuildFile; fileRef = D3C5AA3FDC8B4D158E00CC5B /* CFNetwork.framework */; };
		F78E0B032720464A83A5988A /* libz.dylib in Frameworks */ = {isa = PBXBuildFile; fileRef = 71542B9846BB4E5E913929A9 /* libz.dylib */; };
		EC3CD5FF746F44E6AF901F0D /* CDVStatusBar.m in Sources */ = {isa = PBXBuildFile; fileRef = 9598BA39114D42BCAF442095 /* CDVStatusBar.m */; };
		8F5713C91B4046B69E2EA7AA /* CDVSplashScreen.m in Sources */ = {isa = PBXBuildFile; fileRef = 8AA4A4A915F54646A42AC3D0 /* CDVSplashScreen.m */; };
		49D15C72059E456F963B542D /* CDVViewController+SplashScreen.m in Sources */ = {isa = PBXBuildFile; fileRef = C4B85193226B46C8860C6426 /* CDVViewController+SplashScreen.m */; };
/* End PBXBuildFile section */

/* Begin PBXContainerItemProxy section */
		301BF534109A57CC0062928A /* PBXContainerItemProxy */ = {
			isa = PBXContainerItemProxy;
			containerPortal = 301BF52D109A57CC0062928A /* CordovaLib.xcodeproj */;
			proxyType = 2;
			remoteGlobalIDString = D2AAC07E0554694100DB518D;
			remoteInfo = CordovaLib;
		};
		301BF550109A68C00062928A /* PBXContainerItemProxy */ = {
			isa = PBXContainerItemProxy;
			containerPortal = 301BF52D109A57CC0062928A /* CordovaLib.xcodeproj */;
			proxyType = 1;
			remoteGlobalIDString = D2AAC07D0554694100DB518D;
			remoteInfo = CordovaLib;
		};
/* End PBXContainerItemProxy section */

/* Begin PBXFileReference section */
		0207DA571B56EA530066E2B4 /* Images.xcassets */ = {isa = PBXFileReference; lastKnownFileType = folder.assetcatalog; name = Images.xcassets; path = "formulasZama/Images.xcassets"; sourceTree = SOURCE_ROOT; };
		1D3623240D0F684500981E51 /* AppDelegate.h */ = {isa = PBXFileReference; fileEncoding = 4; lastKnownFileType = sourcecode.c.h; path = AppDelegate.h; sourceTree = "<group>"; };
		1D3623250D0F684500981E51 /* AppDelegate.m */ = {isa = PBXFileReference; fileEncoding = 4; lastKnownFileType = sourcecode.c.objc; path = AppDelegate.m; sourceTree = "<group>"; };
		1D6058910D05DD3D006BFB54 /* formulasZama.app */ = {isa = PBXFileReference; explicitFileType = wrapper.application; includeInIndex = 0; path = "formulasZama.app"; sourceTree = BUILT_PRODUCTS_DIR; };
		29B97316FDCFA39411CA2CEA /* main.m */ = {isa = PBXFileReference; fileEncoding = 4; lastKnownFileType = sourcecode.c.objc; path = main.m; sourceTree = "<group>"; };
		301BF52D109A57CC0062928A /* CordovaLib.xcodeproj */ = {isa = PBXFileReference; lastKnownFileType = "wrapper.pb-project"; name = CordovaLib.xcodeproj; path = CordovaLib/CordovaLib.xcodeproj; sourceTree = "<group>"; };
		301BF56E109A69640062928A /* www */ = {isa = PBXFileReference; lastKnownFileType = folder; path = www; sourceTree = SOURCE_ROOT; };
		302D95EE14D2391D003F00A1 /* MainViewController.h */ = {isa = PBXFileReference; fileEncoding = 4; lastKnownFileType = sourcecode.c.h; path = MainViewController.h; sourceTree = "<group>"; };
		302D95EF14D2391D003F00A1 /* MainViewController.m */ = {isa = PBXFileReference; fileEncoding = 4; lastKnownFileType = sourcecode.c.objc; path = MainViewController.m; sourceTree = "<group>"; };
		302D95F014D2391D003F00A1 /* MainViewController.xib */ = {isa = PBXFileReference; fileEncoding = 4; lastKnownFileType = file.xib; path = MainViewController.xib; sourceTree = "<group>"; };
		3047A50F1AB8059700498E2A /* build-debug.xcconfig */ = {isa = PBXFileReference; fileEncoding = 4; lastKnownFileType = text.xcconfig; name = "build-debug.xcconfig"; path = cordova/build-debug.xcconfig; sourceTree = SOURCE_ROOT; };
		3047A5101AB8059700498E2A /* build-release.xcconfig */ = {isa = PBXFileReference; fileEncoding = 4; lastKnownFileType = text.xcconfig; name = "build-release.xcconfig"; path = cordova/build-release.xcconfig; sourceTree = SOURCE_ROOT; };
		3047A5111AB8059700498E2A /* build.xcconfig */ = {isa = PBXFileReference; fileEncoding = 4; lastKnownFileType = text.xcconfig; name = build.xcconfig; path = cordova/build.xcconfig; sourceTree = SOURCE_ROOT; };
		32CA4F630368D1EE00C91783 /* formulasZama-Prefix.pch */ = {isa = PBXFileReference; fileEncoding = 4; lastKnownFileType = sourcecode.c.h; path = "formulasZama-Prefix.pch"; sourceTree = "<group>"; };
		8D1107310486CEB800E47090 /* formulasZama-Info.plist */ = {isa = PBXFileReference; fileEncoding = 4; lastKnownFileType = text.plist.xml; name = "formulasZama-Info.plist"; path = "formulasZama/formulasZama-Info.plist"; plistStructureDefinitionIdentifier = "com.apple.xcode.plist.structure-definition.iphone.info-plist"; sourceTree = SOURCE_ROOT; };
		EB87FDF31871DA8E0020F90C /* www */ = {isa = PBXFileReference; lastKnownFileType = folder; name = www; path = ../../www; sourceTree = "<group>"; };
		EB87FDF41871DAF40020F90C /* config.xml */ = {isa = PBXFileReference; lastKnownFileType = text.xml; name = config.xml; path = ../../config.xml; sourceTree = "<group>"; };
		F840E1F0165FE0F500CFE078 /* config.xml */ = {isa = PBXFileReference; lastKnownFileType = text.xml; name = config.xml; path = "formulasZama/config.xml"; sourceTree = "<group>"; };
		ED33DF2A687741AEAF9F8254 /* Bridging-Header.h */ = {isa = PBXFileReference; fileEncoding = 4; lastKnownFileType = sourcecode.c.h; name = "Bridging-Header.h"; path = "Bridging-Header.h"; sourceTree = "<group>"; };
		41FA8061995C47039580342B /* UIImage+CropScaleOrientation.m */ = {isa = PBXFileReference; name = "UIImage+CropScaleOrientation.m"; path = "cordova-plugin-camera/UIImage+CropScaleOrientation.m"; sourceTree = "<group>"; fileEncoding = 4; lastKnownFileType = sourcecode.c.objc; explicitFileType = undefined; includeInIndex = 0; };
		8B840055CD1B4EADB84CD51C /* CDVCamera.m */ = {isa = PBXFileReference; name = "CDVCamera.m"; path = "cordova-plugin-camera/CDVCamera.m"; sourceTree = "<group>"; fileEncoding = 4; lastKnownFileType = sourcecode.c.objc; explicitFileType = undefined; includeInIndex = 0; };
		56019E0F4B69467F857C65CC /* CDVJpegHeaderWriter.m */ = {isa = PBXFileReference; name = "CDVJpegHeaderWriter.m"; path = "cordova-plugin-camera/CDVJpegHeaderWriter.m"; sourceTree = "<group>"; fileEncoding = 4; lastKnownFileType = sourcecode.c.objc; explicitFileType = undefined; includeInIndex = 0; };
		9A94E95FFA1544AAA214E1DC /* UIImage+CropScaleOrientation.h */ = {isa = PBXFileReference; name = "UIImage+CropScaleOrientation.h"; path = "cordova-plugin-camera/UIImage+CropScaleOrientation.h"; sourceTree = "<group>"; fileEncoding = 4; lastKnownFileType = sourcecode.c.h; explicitFileType = undefined; includeInIndex = 0; };
		92684444AA1A4F41BD411515 /* CDVCamera.h */ = {isa = PBXFileReference; name = "CDVCamera.h"; path = "cordova-plugin-camera/CDVCamera.h"; sourceTree = "<group>"; fileEncoding = 4; lastKnownFileType = sourcecode.c.h; explicitFileType = undefined; includeInIndex = 0; };
		CD5E9A75DBEA4517BF007387 /* CDVJpegHeaderWriter.h */ = {isa = PBXFileReference; name = "CDVJpegHeaderWriter.h"; path = "cordova-plugin-camera/CDVJpegHeaderWriter.h"; sourceTree = "<group>"; fileEncoding = 4; lastKnownFileType = sourcecode.c.h; explicitFileType = undefined; includeInIndex = 0; };
		1F55F17B72874FEA8D63CC4E /* CDVExif.h */ = {isa = PBXFileReference; name = "CDVExif.h"; path = "cordova-plugin-camera/CDVExif.h"; sourceTree = "<group>"; fileEncoding = 4; lastKnownFileType = sourcecode.c.h; explicitFileType = undefined; includeInIndex = 0; };
		23C22274CC9147E48DDB61D0 /* ImageIO.framework */ = {isa = PBXFileReference; name = "ImageIO.framework"; path = "System/Library/Frameworks/ImageIO.framework"; sourceTree = SDKROOT; fileEncoding = undefined; lastKnownFileType = wrapper.framework; explicitFileType = undefined; includeInIndex = 0; };
		0F4A0012B65D4E99A22A0EFF /* CoreLocation.framework */ = {isa = PBXFileReference; name = "CoreLocation.framework"; path = "System/Library/Frameworks/CoreLocation.framework"; sourceTree = SDKROOT; fileEncoding = undefined; lastKnownFileType = wrapper.framework; explicitFileType = undefined; includeInIndex = 0; };
		90E52C2B8B9F424FB33A5A83 /* AVFoundation.framework */ = {isa = PBXFileReference; name = "AVFoundation.framework"; path = "System/Library/Frameworks/AVFoundation.framework"; sourceTree = SDKROOT; fileEncoding = undefined; lastKnownFileType = wrapper.framework; explicitFileType = undefined; includeInIndex = 0; };
		6D261E350A264E9BA454F4AD /* CDVWKWebViewEngine.m */ = {isa = PBXFileReference; name = "CDVWKWebViewEngine.m"; path = "cordova-plugin-wkwebview-engine/CDVWKWebViewEngine.m"; sourceTree = "<group>"; fileEncoding = 4; lastKnownFileType = sourcecode.c.objc; explicitFileType = undefined; includeInIndex = 0; };
		902F9108C8D74CA09717FFE0 /* CDVWKWebViewUIDelegate.m */ = {isa = PBXFileReference; name = "CDVWKWebViewUIDelegate.m"; path = "cordova-plugin-wkwebview-engine/CDVWKWebViewUIDelegate.m"; sourceTree = "<group>"; fileEncoding = 4; lastKnownFileType = sourcecode.c.objc; explicitFileType = undefined; includeInIndex = 0; };
		1BD6F538E872484CB59762C2 /* CDVWKWebViewEngine.h */ = {isa = PBXFileReference; name = "CDVWKWebViewEngine.h"; path = "cordova-plugin-wkwebview-engine/CDVWKWebViewEngine.h"; sourceTree = "<group>"; fileEncoding = 4; lastKnownFileType = sourcecode.c.h; explicitFileType = undefined; includeInIndex = 0; };
		0B0122AC03B8494581082783 /* CDVWKWebViewUIDelegate.h */ = {isa = PBXFileReference; name = "CDVWKWebViewUIDelegate.h"; path = "cordova-plugin-wkwebview-engine/CDVWKWebViewUIDelegate.h"; sourceTree = "<group>"; fileEncoding = 4; lastKnownFileType = sourcecode.c.h; explicitFileType = undefined; includeInIndex = 0; };
		A85E6F770ADF4E2ABE14C365 /* WebKit.framework */ = {isa = PBXFileReference; name = "WebKit.framework"; path = "System/Library/Frameworks/WebKit.framework"; sourceTree = SDKROOT; fileEncoding = undefined; lastKnownFileType = wrapper.framework; explicitFileType = undefined; includeInIndex = 0; };
		395DB3D07C8C4D6E9EF6F50F /* WebAppLocalServer.swift */ = {isa = PBXFileReference; name = "WebAppLocalServer.swift"; path = "cordova-plugin-meteor-webapp/WebAppLocalServer.swift"; sourceTree = "<group>"; fileEncoding = 4; lastKnownFileType = sourcecode.swift; explicitFileType = undefined; includeInIndex = 0; };
		A23BE8B7BB9A4E6BA98E0822 /* WebAppConfiguration.swift */ = {isa = PBXFileReference; name = "WebAppConfiguration.swift"; path = "cordova-plugin-meteor-webapp/WebAppConfiguration.swift"; sourceTree = "<group>"; fileEncoding = 4; lastKnownFileType = sourcecode.swift; explicitFileType = undefined; includeInIndex = 0; };
		419D7AA903E045C5AB51605A /* AssetBundleManager.swift */ = {isa = PBXFileReference; name = "AssetBundleManager.swift"; path = "cordova-plugin-meteor-webapp/AssetBundleManager.swift"; sourceTree = "<group>"; fileEncoding = 4; lastKnownFileType = sourcecode.swift; explicitFileType = undefined; includeInIndex = 0; };
		562C9CB30F64435CBAE25BF5 /* AssetBundle.swift */ = {isa = PBXFileReference; name = "AssetBundle.swift"; path = "cordova-plugin-meteor-webapp/AssetBundle.swift"; sourceTree = "<group>"; fileEncoding = 4; lastKnownFileType = sourcecode.swift; explicitFileType = undefined; includeInIndex = 0; };
		81E6D8D359D8466B90665870 /* Asset.swift */ = {isa = PBXFileReference; name = "Asset.swift"; path = "cordova-plugin-meteor-webapp/Asset.swift"; sourceTree = "<group>"; fileEncoding = 4; lastKnownFileType = sourcecode.swift; explicitFileType = undefined; includeInIndex = 0; };
		27D25AECB2B04ACF916FC9A9 /* AssetBundleDownloader.swift */ = {isa = PBXFileReference; name = "AssetBundleDownloader.swift"; path = "cordova-plugin-meteor-webapp/AssetBundleDownloader.swift"; sourceTree = "<group>"; fileEncoding = 4; lastKnownFileType = sourcecode.swift; explicitFileType = undefined; includeInIndex = 0; };
		38F7DFA74F5446A0912F5A9E /* AssetManifest.swift */ = {isa = PBXFileReference; name = "AssetManifest.swift"; path = "cordova-plugin-meteor-webapp/AssetManifest.swift"; sourceTree = "<group>"; fileEncoding = 4; lastKnownFileType = sourcecode.swift; explicitFileType = undefined; includeInIndex = 0; };
		EC4E88E388F841DAA14CAA21 /* Errors.swift */ = {isa = PBXFileReference; name = "Errors.swift"; path = "cordova-plugin-meteor-webapp/Errors.swift"; sourceTree = "<group>"; fileEncoding = 4; lastKnownFileType = sourcecode.swift; explicitFileType = undefined; includeInIndex = 0; };
		784D4AC8EB1348AAA331553B /* Utility.swift */ = {isa = PBXFileReference; name = "Utility.swift"; path = "cordova-plugin-meteor-webapp/Utility.swift"; sourceTree = "<group>"; fileEncoding = 4; lastKnownFileType = sourcecode.swift; explicitFileType = undefined; includeInIndex = 0; };
		7F115843605A41AD8A0B0FC7 /* METPlugin.m */ = {isa = PBXFileReference; name = "METPlugin.m"; path = "cordova-plugin-meteor-webapp/METPlugin.m"; sourceTree = "<group>"; fileEncoding = 4; lastKnownFileType = sourcecode.c.objc; explicitFileType = undefined; includeInIndex = 0; };
		8FA82CD8A3FE4690BFA22C38 /* METTimer.m */ = {isa = PBXFileReference; name = "METTimer.m"; path = "cordova-plugin-meteor-webapp/METTimer.m"; sourceTree = "<group>"; fileEncoding = 4; lastKnownFileType = sourcecode.c.objc; explicitFileType = undefined; includeInIndex = 0; };
		11803E1F2E4B410D8D2D0186 /* METRetryStrategy.m */ = {isa = PBXFileReference; name = "METRetryStrategy.m"; path = "cordova-plugin-meteor-webapp/METRetryStrategy.m"; sourceTree = "<group>"; fileEncoding = 4; lastKnownFileType = sourcecode.c.objc; explicitFileType = undefined; includeInIndex = 0; };
		F1E8806995E34B3D842BBCD1 /* METNetworkReachabilityManager.m */ = {isa = PBXFileReference; name = "METNetworkReachabilityManager.m"; path = "cordova-plugin-meteor-webapp/METNetworkReachabilityManager.m"; sourceTree = "<group>"; fileEncoding = 4; lastKnownFileType = sourcecode.c.objc; explicitFileType = undefined; includeInIndex = 0; };
		DDFED083EB8649139E6B39E7 /* METRandomValueGenerator.m */ = {isa = PBXFileReference; name = "METRandomValueGenerator.m"; path = "cordova-plugin-meteor-webapp/METRandomValueGenerator.m"; sourceTree = "<group>"; fileEncoding = 4; lastKnownFileType = sourcecode.c.objc; explicitFileType = undefined; includeInIndex = 0; };
		D516084E3F1A4876A44B8585 /* GCDWebServer.m */ = {isa = PBXFileReference; name = "GCDWebServer.m"; path = "cordova-plugin-meteor-webapp/GCDWebServer.m"; sourceTree = "<group>"; fileEncoding = 4; lastKnownFileType = sourcecode.c.objc; explicitFileType = undefined; includeInIndex = 0; };
		47D23BDF6D244D9A80BE2964 /* GCDWebServerConnection.m */ = {isa = PBXFileReference; name = "GCDWebServerConnection.m"; path = "cordova-plugin-meteor-webapp/GCDWebServerConnection.m"; sourceTree = "<group>"; fileEncoding = 4; lastKnownFileType = sourcecode.c.objc; explicitFileType = undefined; includeInIndex = 0; };
		52314E6B9C754180B916FED7 /* GCDWebServerFunctions.m */ = {isa = PBXFileReference; name = "GCDWebServerFunctions.m"; path = "cordova-plugin-meteor-webapp/GCDWebServerFunctions.m"; sourceTree = "<group>"; fileEncoding = 4; lastKnownFileType = sourcecode.c.objc; explicitFileType = undefined; includeInIndex = 0; };
		83CA1B57F4B4443E956DA9F7 /* GCDWebServerRequest.m */ = {isa = PBXFileReference; name = "GCDWebServerRequest.m"; path = "cordova-plugin-meteor-webapp/GCDWebServerRequest.m"; sourceTree = "<group>"; fileEncoding = 4; lastKnownFileType = sourcecode.c.objc; explicitFileType = undefined; includeInIndex = 0; };
		D4C091A0D6614C0BB62CC192 /* GCDWebServerResponse.m */ = {isa = PBXFileReference; name = "GCDWebServerResponse.m"; path = "cordova-plugin-meteor-webapp/GCDWebServerResponse.m"; sourceTree = "<group>"; fileEncoding = 4; lastKnownFileType = sourcecode.c.objc; explicitFileType = undefined; includeInIndex = 0; };
		158531CD9E19489B909BE1B4 /* GCDWebServerDataRequest.m */ = {isa = PBXFileReference; name = "GCDWebServerDataRequest.m"; path = "cordova-plugin-meteor-webapp/GCDWebServerDataRequest.m"; sourceTree = "<group>"; fileEncoding = 4; lastKnownFileType = sourcecode.c.objc; explicitFileType = undefined; includeInIndex = 0; };
		BB34ECC3B4BA4E44BD05CCE9 /* GCDWebServerFileRequest.m */ = {isa = PBXFileReference; name = "GCDWebServerFileRequest.m"; path = "cordova-plugin-meteor-webapp/GCDWebServerFileRequest.m"; sourceTree = "<group>"; fileEncoding = 4; lastKnownFileType = sourcecode.c.objc; explicitFileType = undefined; includeInIndex = 0; };
		BCB02E9A06F244F1879613AA /* GCDWebServerMultiPartFormRequest.m */ = {isa = PBXFileReference; name = "GCDWebServerMultiPartFormRequest.m"; path = "cordova-plugin-meteor-webapp/GCDWebServerMultiPartFormRequest.m"; sourceTree = "<group>"; fileEncoding = 4; lastKnownFileType = sourcecode.c.objc; explicitFileType = undefined; includeInIndex = 0; };
		FA1518D1244647B4969DBBD1 /* GCDWebServerURLEncodedFormRequest.m */ = {isa = PBXFileReference; name = "GCDWebServerURLEncodedFormRequest.m"; path = "cordova-plugin-meteor-webapp/GCDWebServerURLEncodedFormRequest.m"; sourceTree = "<group>"; fileEncoding = 4; lastKnownFileType = sourcecode.c.objc; explicitFileType = undefined; includeInIndex = 0; };
		715AC4F31DC94DB9BB970AE0 /* GCDWebServerDataResponse.m */ = {isa = PBXFileReference; name = "GCDWebServerDataResponse.m"; path = "cordova-plugin-meteor-webapp/GCDWebServerDataResponse.m"; sourceTree = "<group>"; fileEncoding = 4; lastKnownFileType = sourcecode.c.objc; explicitFileType = undefined; includeInIndex = 0; };
		C5C6CD8A577C4F67874B0229 /* GCDWebServerErrorResponse.m */ = {isa = PBXFileReference; name = "GCDWebServerErrorResponse.m"; path = "cordova-plugin-meteor-webapp/GCDWebServerErrorResponse.m"; sourceTree = "<group>"; fileEncoding = 4; lastKnownFileType = sourcecode.c.objc; explicitFileType = undefined; includeInIndex = 0; };
		A9F2FD88717C43FC9F46C2DF /* GCDWebServerFileResponse.m */ = {isa = PBXFileReference; name = "GCDWebServerFileResponse.m"; path = "cordova-plugin-meteor-webapp/GCDWebServerFileResponse.m"; sourceTree = "<group>"; fileEncoding = 4; lastKnownFileType = sourcecode.c.objc; explicitFileType = undefined; includeInIndex = 0; };
		6CA449E3591148A5B80A0ABC /* GCDWebServerStreamedResponse.m */ = {isa = PBXFileReference; name = "GCDWebServerStreamedResponse.m"; path = "cordova-plugin-meteor-webapp/GCDWebServerStreamedResponse.m"; sourceTree = "<group>"; fileEncoding = 4; lastKnownFileType = sourcecode.c.objc; explicitFileType = undefined; includeInIndex = 0; };
		D6A712D91BAA44C08BFABB86 /* cordova-plugin-meteor-webapp-Bridging-Header.h */ = {isa = PBXFileReference; name = "cordova-plugin-meteor-webapp-Bridging-Header.h"; path = "cordova-plugin-meteor-webapp/cordova-plugin-meteor-webapp-Bridging-Header.h"; sourceTree = "<group>"; fileEncoding = 4; lastKnownFileType = sourcecode.c.h; explicitFileType = undefined; includeInIndex = 0; };
		5AEC8AAE1B7E41CCAA9B922D /* METPlugin.h */ = {isa = PBXFileReference; name = "METPlugin.h"; path = "cordova-plugin-meteor-webapp/METPlugin.h"; sourceTree = "<group>"; fileEncoding = 4; lastKnownFileType = sourcecode.c.h; explicitFileType = undefined; includeInIndex = 0; };
		ED3C94B53572421582F359AB /* METTimer.h */ = {isa = PBXFileReference; name = "METTimer.h"; path = "cordova-plugin-meteor-webapp/METTimer.h"; sourceTree = "<group>"; fileEncoding = 4; lastKnownFileType = sourcecode.c.h; explicitFileType = undefined; includeInIndex = 0; };
		947E59A718C142DC9286183C /* METRetryStrategy.h */ = {isa = PBXFileReference; name = "METRetryStrategy.h"; path = "cordova-plugin-meteor-webapp/METRetryStrategy.h"; sourceTree = "<group>"; fileEncoding = 4; lastKnownFileType = sourcecode.c.h; explicitFileType = undefined; includeInIndex = 0; };
		9EA6C718F452417B834F6B1E /* METNetworkReachabilityManager.h */ = {isa = PBXFileReference; name = "METNetworkReachabilityManager.h"; path = "cordova-plugin-meteor-webapp/METNetworkReachabilityManager.h"; sourceTree = "<group>"; fileEncoding = 4; lastKnownFileType = sourcecode.c.h; explicitFileType = undefined; includeInIndex = 0; };
		47D5D6EC784944318CCD475A /* METRandomValueGenerator.h */ = {isa = PBXFileReference; name = "METRandomValueGenerator.h"; path = "cordova-plugin-meteor-webapp/METRandomValueGenerator.h"; sourceTree = "<group>"; fileEncoding = 4; lastKnownFileType = sourcecode.c.h; explicitFileType = undefined; includeInIndex = 0; };
		D91B17C0D3D94A4B8C3F7C2A /* GCDWebServer.h */ = {isa = PBXFileReference; name = "GCDWebServer.h"; path = "cordova-plugin-meteor-webapp/GCDWebServer.h"; sourceTree = "<group>"; fileEncoding = 4; lastKnownFileType = sourcecode.c.h; explicitFileType = undefined; includeInIndex = 0; };
		BB7AFF86123041C3BBEA5296 /* GCDWebServerConnection.h */ = {isa = PBXFileReference; name = "GCDWebServerConnection.h"; path = "cordova-plugin-meteor-webapp/GCDWebServerConnection.h"; sourceTree = "<group>"; fileEncoding = 4; lastKnownFileType = sourcecode.c.h; explicitFileType = undefined; includeInIndex = 0; };
		FA93A66307544FCF995C12C0 /* GCDWebServerFunctions.h */ = {isa = PBXFileReference; name = "GCDWebServerFunctions.h"; path = "cordova-plugin-meteor-webapp/GCDWebServerFunctions.h"; sourceTree = "<group>"; fileEncoding = 4; lastKnownFileType = sourcecode.c.h; explicitFileType = undefined; includeInIndex = 0; };
		658485DBEEAA4087B889FCD3 /* GCDWebServerHTTPStatusCodes.h */ = {isa = PBXFileReference; name = "GCDWebServerHTTPStatusCodes.h"; path = "cordova-plugin-meteor-webapp/GCDWebServerHTTPStatusCodes.h"; sourceTree = "<group>"; fileEncoding = 4; lastKnownFileType = sourcecode.c.h; explicitFileType = undefined; includeInIndex = 0; };
		0104FC96824B43FDAC11ED57 /* GCDWebServerPrivate.h */ = {isa = PBXFileReference; name = "GCDWebServerPrivate.h"; path = "cordova-plugin-meteor-webapp/GCDWebServerPrivate.h"; sourceTree = "<group>"; fileEncoding = 4; lastKnownFileType = sourcecode.c.h; explicitFileType = undefined; includeInIndex = 0; };
		C8D6E9A4A94E4851880BB0BD /* GCDWebServerRequest.h */ = {isa = PBXFileReference; name = "GCDWebServerRequest.h"; path = "cordova-plugin-meteor-webapp/GCDWebServerRequest.h"; sourceTree = "<group>"; fileEncoding = 4; lastKnownFileType = sourcecode.c.h; explicitFileType = undefined; includeInIndex = 0; };
		996BD3B6929E40389385354A /* GCDWebServerResponse.h */ = {isa = PBXFileReference; name = "GCDWebServerResponse.h"; path = "cordova-plugin-meteor-webapp/GCDWebServerResponse.h"; sourceTree = "<group>"; fileEncoding = 4; lastKnownFileType = sourcecode.c.h; explicitFileType = undefined; includeInIndex = 0; };
		D5D671F13AF948FD9E9374E6 /* GCDWebServerDataRequest.h */ = {isa = PBXFileReference; name = "GCDWebServerDataRequest.h"; path = "cordova-plugin-meteor-webapp/GCDWebServerDataRequest.h"; sourceTree = "<group>"; fileEncoding = 4; lastKnownFileType = sourcecode.c.h; explicitFileType = undefined; includeInIndex = 0; };
		73F8CCB721904C3B8D6D7A67 /* GCDWebServerFileRequest.h */ = {isa = PBXFileReference; name = "GCDWebServerFileRequest.h"; path = "cordova-plugin-meteor-webapp/GCDWebServerFileRequest.h"; sourceTree = "<group>"; fileEncoding = 4; lastKnownFileType = sourcecode.c.h; explicitFileType = undefined; includeInIndex = 0; };
		52C0B9789A8E42648655711F /* GCDWebServerMultiPartFormRequest.h */ = {isa = PBXFileReference; name = "GCDWebServerMultiPartFormRequest.h"; path = "cordova-plugin-meteor-webapp/GCDWebServerMultiPartFormRequest.h"; sourceTree = "<group>"; fileEncoding = 4; lastKnownFileType = sourcecode.c.h; explicitFileType = undefined; includeInIndex = 0; };
		93C2EC93DF38464A90A4F8E8 /* GCDWebServerURLEncodedFormRequest.h */ = {isa = PBXFileReference; name = "GCDWebServerURLEncodedFormRequest.h"; path = "cordova-plugin-meteor-webapp/GCDWebServerURLEncodedFormRequest.h"; sourceTree = "<group>"; fileEncoding = 4; lastKnownFileType = sourcecode.c.h; explicitFileType = undefined; includeInIndex = 0; };
		3EE8383C595F409FB997A4F7 /* GCDWebServerDataResponse.h */ = {isa = PBXFileReference; name = "GCDWebServerDataResponse.h"; path = "cordova-plugin-meteor-webapp/GCDWebServerDataResponse.h"; sourceTree = "<group>"; fileEncoding = 4; lastKnownFileType = sourcecode.c.h; explicitFileType = undefined; includeInIndex = 0; };
		6EF80BF3ED854A90B90152A7 /* GCDWebServerErrorResponse.h */ = {isa = PBXFileReference; name = "GCDWebServerErrorResponse.h"; path = "cordova-plugin-meteor-webapp/GCDWebServerErrorResponse.h"; sourceTree = "<group>"; fileEncoding = 4; lastKnownFileType = sourcecode.c.h; explicitFileType = undefined; includeInIndex = 0; };
		16D61B95191F4D6AAAACF40E /* GCDWebServerFileResponse.h */ = {isa = PBXFileReference; name = "GCDWebServerFileResponse.h"; path = "cordova-plugin-meteor-webapp/GCDWebServerFileResponse.h"; sourceTree = "<group>"; fileEncoding = 4; lastKnownFileType = sourcecode.c.h; explicitFileType = undefined; includeInIndex = 0; };
		B588223E17414CE8B495A5A6 /* GCDWebServerStreamedResponse.h */ = {isa = PBXFileReference; name = "GCDWebServerStreamedResponse.h"; path = "cordova-plugin-meteor-webapp/GCDWebServerStreamedResponse.h"; sourceTree = "<group>"; fileEncoding = 4; lastKnownFileType = sourcecode.c.h; explicitFileType = undefined; includeInIndex = 0; };
		D3C5AA3FDC8B4D158E00CC5B /* CFNetwork.framework */ = {isa = PBXFileReference; name = "CFNetwork.framework"; path = "System/Library/Frameworks/CFNetwork.framework"; sourceTree = SDKROOT; fileEncoding = undefined; lastKnownFileType = wrapper.framework; explicitFileType = undefined; includeInIndex = 0; };
		71542B9846BB4E5E913929A9 /* libz.dylib */ = {isa = PBXFileReference; name = "libz.dylib"; path = "usr/lib/libz.dylib"; sourceTree = SDKROOT; fileEncoding = undefined; lastKnownFileType = compiled.mach-o.dylib; explicitFileType = undefined; includeInIndex = 0; };
		9598BA39114D42BCAF442095 /* CDVStatusBar.m */ = {isa = PBXFileReference; name = "CDVStatusBar.m"; path = "cordova-plugin-statusbar/CDVStatusBar.m"; sourceTree = "<group>"; fileEncoding = 4; lastKnownFileType = sourcecode.c.objc; explicitFileType = undefined; includeInIndex = 0; };
		792176A5E2C44F5585969924 /* CDVStatusBar.h */ = {isa = PBXFileReference; name = "CDVStatusBar.h"; path = "cordova-plugin-statusbar/CDVStatusBar.h"; sourceTree = "<group>"; fileEncoding = 4; lastKnownFileType = sourcecode.c.h; explicitFileType = undefined; includeInIndex = 0; };
		8AA4A4A915F54646A42AC3D0 /* CDVSplashScreen.m */ = {isa = PBXFileReference; name = "CDVSplashScreen.m"; path = "cordova-plugin-splashscreen/CDVSplashScreen.m"; sourceTree = "<group>"; fileEncoding = 4; lastKnownFileType = sourcecode.c.objc; explicitFileType = undefined; includeInIndex = 0; };
		C4B85193226B46C8860C6426 /* CDVViewController+SplashScreen.m */ = {isa = PBXFileReference; name = "CDVViewController+SplashScreen.m"; path = "cordova-plugin-splashscreen/CDVViewController+SplashScreen.m"; sourceTree = "<group>"; fileEncoding = 4; lastKnownFileType = sourcecode.c.objc; explicitFileType = undefined; includeInIndex = 0; };
		DF43166B1D244A8187E0C699 /* CDVSplashScreen.h */ = {isa = PBXFileReference; name = "CDVSplashScreen.h"; path = "cordova-plugin-splashscreen/CDVSplashScreen.h"; sourceTree = "<group>"; fileEncoding = 4; lastKnownFileType = sourcecode.c.h; explicitFileType = undefined; includeInIndex = 0; };
		2F94A824F2624665B5578C6F /* CDVViewController+SplashScreen.h */ = {isa = PBXFileReference; name = "CDVViewController+SplashScreen.h"; path = "cordova-plugin-splashscreen/CDVViewController+SplashScreen.h"; sourceTree = "<group>"; fileEncoding = 4; lastKnownFileType = sourcecode.c.h; explicitFileType = undefined; includeInIndex = 0; };
/* End PBXFileReference section */

/* Begin PBXFrameworksBuildPhase section */
		1D60588F0D05DD3D006BFB54 /* Frameworks */ = {
			isa = PBXFrameworksBuildPhase;
			buildActionMask = 2147483647;
			files = (
				301BF552109A68D80062928A /* libCordova.a in Frameworks */,
				EE280F628B3D48DC84F023AB /* ImageIO.framework in Frameworks */,
				B7130E5DCDEF4EE197A98CFF /* CoreLocation.framework in Frameworks */,
				7362338BDEC14837A8CCD38E /* AVFoundation.framework in Frameworks */,
				59A06E0405414B15BA735F57 /* WebKit.framework in Frameworks */,
				F1E8D61DB4264958AEB8442C /* CFNetwork.framework in Frameworks */,
				F78E0B032720464A83A5988A /* libz.dylib in Frameworks */,
			);
			runOnlyForDeploymentPostprocessing = 0;
		};
/* End PBXFrameworksBuildPhase section */

/* Begin PBXGroup section */
		080E96DDFE201D6D7F000001 /* Classes */ = {
			isa = PBXGroup;
			children = (
				302D95EE14D2391D003F00A1 /* MainViewController.h */,
				302D95EF14D2391D003F00A1 /* MainViewController.m */,
				302D95F014D2391D003F00A1 /* MainViewController.xib */,
				1D3623240D0F684500981E51 /* AppDelegate.h */,
				1D3623250D0F684500981E51 /* AppDelegate.m */,
			);
			name = Classes;
			path = "formulasZama/Classes";
			sourceTree = SOURCE_ROOT;
		};
		19C28FACFE9D520D11CA2CBB /* Products */ = {
			isa = PBXGroup;
			children = (
				1D6058910D05DD3D006BFB54 /* formulasZama.app */,
			);
			name = Products;
			sourceTree = "<group>";
		};
		29B97314FDCFA39411CA2CEA /* CustomTemplate */ = {
			isa = PBXGroup;
			children = (
				EB87FDF41871DAF40020F90C /* config.xml */,
				EB87FDF31871DA8E0020F90C /* www */,
				EB87FDF11871DA420020F90C /* Staging */,
				301BF52D109A57CC0062928A /* CordovaLib.xcodeproj */,
				080E96DDFE201D6D7F000001 /* Classes */,
				307C750510C5A3420062BCA9 /* Plugins */,
				29B97315FDCFA39411CA2CEA /* Other Sources */,
				29B97317FDCFA39411CA2CEA /* Resources */,
				29B97323FDCFA39411CA2CEA /* Frameworks */,
				19C28FACFE9D520D11CA2CBB /* Products */,
			);
			name = CustomTemplate;
			sourceTree = "<group>";
		};
		29B97315FDCFA39411CA2CEA /* Other Sources */ = {
			isa = PBXGroup;
			children = (
				32CA4F630368D1EE00C91783 /* formulasZama-Prefix.pch */,
				29B97316FDCFA39411CA2CEA /* main.m */,
				ED33DF2A687741AEAF9F8254 /* Bridging-Header.h */,
			);
			name = "Other Sources";
			path = "formulasZama";
			sourceTree = "<group>";
		};
		29B97317FDCFA39411CA2CEA /* Resources */ = {
			isa = PBXGroup;
			children = (
				0207DA571B56EA530066E2B4 /* Images.xcassets */,
				3047A50E1AB8057F00498E2A /* config */,
				8D1107310486CEB800E47090 /* formulasZama-Info.plist */,
			);
			name = Resources;
			path = "formulasZama/Resources";
			sourceTree = "<group>";
		};
		29B97323FDCFA39411CA2CEA /* Frameworks */ = {
			isa = PBXGroup;
			children = (
				23C22274CC9147E48DDB61D0 /* ImageIO.framework */,
				0F4A0012B65D4E99A22A0EFF /* CoreLocation.framework */,
				90E52C2B8B9F424FB33A5A83 /* AVFoundation.framework */,
				A85E6F770ADF4E2ABE14C365 /* WebKit.framework */,
				D3C5AA3FDC8B4D158E00CC5B /* CFNetwork.framework */,
				71542B9846BB4E5E913929A9 /* libz.dylib */,
			);
			name = Frameworks;
			sourceTree = "<group>";
		};
		301BF52E109A57CC0062928A /* Products */ = {
			isa = PBXGroup;
			children = (
				301BF535109A57CC0062928A /* libCordova.a */,
			);
			name = Products;
			sourceTree = "<group>";
		};
		3047A50E1AB8057F00498E2A /* config */ = {
			isa = PBXGroup;
			children = (
				3047A50F1AB8059700498E2A /* build-debug.xcconfig */,
				3047A5101AB8059700498E2A /* build-release.xcconfig */,
				3047A5111AB8059700498E2A /* build.xcconfig */,
			);
			name = config;
			sourceTree = "<group>";
		};
		307C750510C5A3420062BCA9 /* Plugins */ = {
			isa = PBXGroup;
			children = (
				41FA8061995C47039580342B /* UIImage+CropScaleOrientation.m */,
				8B840055CD1B4EADB84CD51C /* CDVCamera.m */,
				56019E0F4B69467F857C65CC /* CDVJpegHeaderWriter.m */,
				9A94E95FFA1544AAA214E1DC /* UIImage+CropScaleOrientation.h */,
				92684444AA1A4F41BD411515 /* CDVCamera.h */,
				CD5E9A75DBEA4517BF007387 /* CDVJpegHeaderWriter.h */,
				1F55F17B72874FEA8D63CC4E /* CDVExif.h */,
				6D261E350A264E9BA454F4AD /* CDVWKWebViewEngine.m */,
				902F9108C8D74CA09717FFE0 /* CDVWKWebViewUIDelegate.m */,
				1BD6F538E872484CB59762C2 /* CDVWKWebViewEngine.h */,
				0B0122AC03B8494581082783 /* CDVWKWebViewUIDelegate.h */,
				395DB3D07C8C4D6E9EF6F50F /* WebAppLocalServer.swift */,
				A23BE8B7BB9A4E6BA98E0822 /* WebAppConfiguration.swift */,
				419D7AA903E045C5AB51605A /* AssetBundleManager.swift */,
				562C9CB30F64435CBAE25BF5 /* AssetBundle.swift */,
				81E6D8D359D8466B90665870 /* Asset.swift */,
				27D25AECB2B04ACF916FC9A9 /* AssetBundleDownloader.swift */,
				38F7DFA74F5446A0912F5A9E /* AssetManifest.swift */,
				EC4E88E388F841DAA14CAA21 /* Errors.swift */,
				784D4AC8EB1348AAA331553B /* Utility.swift */,
				7F115843605A41AD8A0B0FC7 /* METPlugin.m */,
				8FA82CD8A3FE4690BFA22C38 /* METTimer.m */,
				11803E1F2E4B410D8D2D0186 /* METRetryStrategy.m */,
				F1E8806995E34B3D842BBCD1 /* METNetworkReachabilityManager.m */,
				DDFED083EB8649139E6B39E7 /* METRandomValueGenerator.m */,
				D516084E3F1A4876A44B8585 /* GCDWebServer.m */,
				47D23BDF6D244D9A80BE2964 /* GCDWebServerConnection.m */,
				52314E6B9C754180B916FED7 /* GCDWebServerFunctions.m */,
				83CA1B57F4B4443E956DA9F7 /* GCDWebServerRequest.m */,
				D4C091A0D6614C0BB62CC192 /* GCDWebServerResponse.m */,
				158531CD9E19489B909BE1B4 /* GCDWebServerDataRequest.m */,
				BB34ECC3B4BA4E44BD05CCE9 /* GCDWebServerFileRequest.m */,
				BCB02E9A06F244F1879613AA /* GCDWebServerMultiPartFormRequest.m */,
				FA1518D1244647B4969DBBD1 /* GCDWebServerURLEncodedFormRequest.m */,
				715AC4F31DC94DB9BB970AE0 /* GCDWebServerDataResponse.m */,
				C5C6CD8A577C4F67874B0229 /* GCDWebServerErrorResponse.m */,
				A9F2FD88717C43FC9F46C2DF /* GCDWebServerFileResponse.m */,
				6CA449E3591148A5B80A0ABC /* GCDWebServerStreamedResponse.m */,
				D6A712D91BAA44C08BFABB86 /* cordova-plugin-meteor-webapp-Bridging-Header.h */,
				5AEC8AAE1B7E41CCAA9B922D /* METPlugin.h */,
				ED3C94B53572421582F359AB /* METTimer.h */,
				947E59A718C142DC9286183C /* METRetryStrategy.h */,
				9EA6C718F452417B834F6B1E /* METNetworkReachabilityManager.h */,
				47D5D6EC784944318CCD475A /* METRandomValueGenerator.h */,
				D91B17C0D3D94A4B8C3F7C2A /* GCDWebServer.h */,
				BB7AFF86123041C3BBEA5296 /* GCDWebServerConnection.h */,
				FA93A66307544FCF995C12C0 /* GCDWebServerFunctions.h */,
				658485DBEEAA4087B889FCD3 /* GCDWebServerHTTPStatusCodes.h */,
				0104FC96824B43FDAC11ED57 /* GCDWebServerPrivate.h */,
				C8D6E9A4A94E4851880BB0BD /* GCDWebServerRequest.h */,
				996BD3B6929E40389385354A /* GCDWebServerResponse.h */,
				D5D671F13AF948FD9E9374E6 /* GCDWebServerDataRequest.h */,
				73F8CCB721904C3B8D6D7A67 /* GCDWebServerFileRequest.h */,
				52C0B9789A8E42648655711F /* GCDWebServerMultiPartFormRequest.h */,
				93C2EC93DF38464A90A4F8E8 /* GCDWebServerURLEncodedFormRequest.h */,
				3EE8383C595F409FB997A4F7 /* GCDWebServerDataResponse.h */,
				6EF80BF3ED854A90B90152A7 /* GCDWebServerErrorResponse.h */,
				16D61B95191F4D6AAAACF40E /* GCDWebServerFileResponse.h */,
				B588223E17414CE8B495A5A6 /* GCDWebServerStreamedResponse.h */,
				9598BA39114D42BCAF442095 /* CDVStatusBar.m */,
				792176A5E2C44F5585969924 /* CDVStatusBar.h */,
				8AA4A4A915F54646A42AC3D0 /* CDVSplashScreen.m */,
				C4B85193226B46C8860C6426 /* CDVViewController+SplashScreen.m */,
				DF43166B1D244A8187E0C699 /* CDVSplashScreen.h */,
				2F94A824F2624665B5578C6F /* CDVViewController+SplashScreen.h */,
			);
			name = Plugins;
			path = "formulasZama/Plugins";
			sourceTree = SOURCE_ROOT;
		};
		EB87FDF11871DA420020F90C /* Staging */ = {
			isa = PBXGroup;
			children = (
				F840E1F0165FE0F500CFE078 /* config.xml */,
				301BF56E109A69640062928A /* www */,
			);
			name = Staging;
			sourceTree = "<group>";
		};
/* End PBXGroup section */

/* Begin PBXNativeTarget section */
		1D6058900D05DD3D006BFB54 /* formulasZama */ = {
			isa = PBXNativeTarget;
			buildConfigurationList = 1D6058960D05DD3E006BFB54 /* Build configuration list for PBXNativeTarget "formulasZama" */;
			buildPhases = (
				304B58A110DAC018002A0835 /* Copy www directory */,
				1D60588D0D05DD3D006BFB54 /* Resources */,
				1D60588E0D05DD3D006BFB54 /* Sources */,
				1D60588F0D05DD3D006BFB54 /* Frameworks */,
			);
			buildRules = (
			);
			dependencies = (
				301BF551109A68C00062928A /* PBXTargetDependency */,
			);
			name = "formulasZama";
			productName = "formulasZama";
			productReference = 1D6058910D05DD3D006BFB54 /* formulasZama.app */;
			productType = "com.apple.product-type.application";
		};
/* End PBXNativeTarget section */

/* Begin PBXProject section */
		29B97313FDCFA39411CA2CEA /* Project object */ = {
			isa = PBXProject;
			attributes = {
				LastUpgradeCheck = 510;
				LastSwiftUpdateCheck = 0720;
			};
			buildConfigurationList = C01FCF4E08A954540054247B /* Build configuration list for PBXProject "__NON-CLI__" */;
			compatibilityVersion = "Xcode 3.2";
			developmentRegion = English;
			hasScannedForEncodings = 1;
			mainGroup = 29B97314FDCFA39411CA2CEA /* CustomTemplate */;
			projectDirPath = "";
			projectReferences = (
				{
					ProductGroup = 301BF52E109A57CC0062928A /* Products */;
					ProjectRef = 301BF52D109A57CC0062928A /* CordovaLib.xcodeproj */;
				},
			);
			projectRoot = "";
			targets = (
				1D6058900D05DD3D006BFB54 /* formulasZama */,
			);
		};
/* End PBXProject section */

/* Begin PBXReferenceProxy section */
		301BF535109A57CC0062928A /* libCordova.a */ = {
			isa = PBXReferenceProxy;
			fileType = archive.ar;
			path = libCordova.a;
			remoteRef = 301BF534109A57CC0062928A /* PBXContainerItemProxy */;
			sourceTree = BUILT_PRODUCTS_DIR;
		};
/* End PBXReferenceProxy section */

/* Begin PBXResourcesBuildPhase section */
		1D60588D0D05DD3D006BFB54 /* Resources */ = {
			isa = PBXResourcesBuildPhase;
			buildActionMask = 2147483647;
			files = (
				302D95F214D2391D003F00A1 /* MainViewController.xib in Resources */,
				3047A5131AB8059700498E2A /* build-release.xcconfig in Resources */,
				3047A5141AB8059700498E2A /* build.xcconfig in Resources */,
				0207DA581B56EA530066E2B4 /* Images.xcassets in Resources */,
				3047A5121AB8059700498E2A /* build-debug.xcconfig in Resources */,
			);
			runOnlyForDeploymentPostprocessing = 0;
		};
/* End PBXResourcesBuildPhase section */

/* Begin PBXShellScriptBuildPhase section */
		304B58A110DAC018002A0835 /* Copy www directory */ = {
			isa = PBXShellScriptBuildPhase;
			buildActionMask = 2147483647;
			files = (
			);
			inputPaths = (
			);
			name = "Copy www directory";
			outputPaths = (
			);
			runOnlyForDeploymentPostprocessing = 0;
			shellPath = /bin/sh;
			shellScript = "NODEJS_PATH=/usr/local/bin; NVM_NODE_PATH=~/.nvm/versions/node/`nvm version 2>/dev/null`/bin; N_NODE_PATH=`find /usr/local/n/versions/node/* -maxdepth 0 -type d 2>/dev/null | tail -1`/bin; XCODE_NODE_PATH=`xcode-select --print-path`/usr/share/xcs/Node/bin; PATH=$NODEJS_PATH:$NVM_NODE_PATH:$N_NODE_PATH:$XCODE_NODE_PATH:$PATH && node cordova/lib/copy-www-build-step.js";
			showEnvVarsInLog = 0;
		};
/* End PBXShellScriptBuildPhase section */

/* Begin PBXSourcesBuildPhase section */
		1D60588E0D05DD3D006BFB54 /* Sources */ = {
			isa = PBXSourcesBuildPhase;
			buildActionMask = 2147483647;
			files = (
				1D60589B0D05DD56006BFB54 /* main.m in Sources */,
				1D3623260D0F684500981E51 /* AppDelegate.m in Sources */,
				302D95F114D2391D003F00A1 /* MainViewController.m in Sources */,
				8AB359F59F914B868C5FB4C0 /* UIImage+CropScaleOrientation.m in Sources */,
				13F1C5266EB842D499B8F2EB /* CDVCamera.m in Sources */,
				EDE53E405288492A8997D7C6 /* CDVJpegHeaderWriter.m in Sources */,
				7E34EB8A94B74CBEAE54680E /* CDVWKWebViewEngine.m in Sources */,
				FE9115E117634CEF8F978F0E /* CDVWKWebViewUIDelegate.m in Sources */,
				EE7FFC085BC74F74A9836FF0 /* WebAppLocalServer.swift in Sources */,
				D631186EC76B46DD8480B4D5 /* WebAppConfiguration.swift in Sources */,
				D84ACE1F5976444BA12AEE8B /* AssetBundleManager.swift in Sources */,
				A7A00F2FB88247A7814AB09D /* AssetBundle.swift in Sources */,
				6AD362C6155F41EC8E8F08AC /* Asset.swift in Sources */,
				39463A0FBA5D4ADC8F9B2935 /* AssetBundleDownloader.swift in Sources */,
				011EC67F4EEF4EBB87397C55 /* AssetManifest.swift in Sources */,
				472A1600AA7A4082BC50AFF5 /* Errors.swift in Sources */,
				14DFA9A58A394FA5A17F7A29 /* Utility.swift in Sources */,
				175B35A256564833950FE179 /* METPlugin.m in Sources */,
				22D0AE4204834BECAED85278 /* METTimer.m in Sources */,
				DF10FEFADDFE440093620377 /* METRetryStrategy.m in Sources */,
				FE405C41CE774B0BAA4C27E6 /* METNetworkReachabilityManager.m in Sources */,
				5F43D499267E4235AF3B3A93 /* METRandomValueGenerator.m in Sources */,
				651EBC40DCD24A6ABCB0D306 /* GCDWebServer.m in Sources */,
				40A6231D298941929695EEEF /* GCDWebServerConnection.m in Sources */,
				DF2F75C178D84497BD0E5093 /* GCDWebServerFunctions.m in Sources */,
				4A2FF0F8AD61447586EEAA74 /* GCDWebServerRequest.m in Sources */,
				A55F83D33FE447BF8D15F303 /* GCDWebServerResponse.m in Sources */,
				CD91BCB33B314317851D529A /* GCDWebServerDataRequest.m in Sources */,
				73559972B8A9438C9324EC8C /* GCDWebServerFileRequest.m in Sources */,
				A36A019F51604215A839BE07 /* GCDWebServerMultiPartFormRequest.m in Sources */,
				0E03F9090F1C4A5ABA4DE88C /* GCDWebServerURLEncodedFormRequest.m in Sources */,
				E2A1323D670A476D8CF531E1 /* GCDWebServerDataResponse.m in Sources */,
				A4B0C38D4E0C420BB357F73A /* GCDWebServerErrorResponse.m in Sources */,
				D4F95BFD0064487985E09FAD /* GCDWebServerFileResponse.m in Sources */,
				AA2745B697924918A3D2D383 /* GCDWebServerStreamedResponse.m in Sources */,
				EC3CD5FF746F44E6AF901F0D /* CDVStatusBar.m in Sources */,
				8F5713C91B4046B69E2EA7AA /* CDVSplashScreen.m in Sources */,
				49D15C72059E456F963B542D /* CDVViewController+SplashScreen.m in Sources */,
			);
			runOnlyForDeploymentPostprocessing = 0;
		};
/* End PBXSourcesBuildPhase section */

/* Begin PBXTargetDependency section */
		301BF551109A68C00062928A /* PBXTargetDependency */ = {
			isa = PBXTargetDependency;
			name = CordovaLib;
			targetProxy = 301BF550109A68C00062928A /* PBXContainerItemProxy */;
		};
/* End PBXTargetDependency section */

/* Begin XCBuildConfiguration section */
		1D6058940D05DD3E006BFB54 /* Debug */ = {
			isa = XCBuildConfiguration;
			baseConfigurationReference = 3047A50F1AB8059700498E2A /* build-debug.xcconfig */;
			buildSettings = {
				ALWAYS_SEARCH_USER_PATHS = NO;
				ASSETCATALOG_COMPILER_APPICON_NAME = AppIcon;
				ASSETCATALOG_COMPILER_LAUNCHIMAGE_NAME = LaunchImage;
				CLANG_ENABLE_MODULES = YES;
				CLANG_ENABLE_OBJC_ARC = YES;
				COPY_PHASE_STRIP = NO;
				GCC_DYNAMIC_NO_PIC = NO;
				GCC_OPTIMIZATION_LEVEL = 0;
				GCC_PRECOMPILE_PREFIX_HEADER = YES;
				GCC_PREFIX_HEADER = "formulasZama/formulasZama-Prefix.pch";
				GCC_THUMB_SUPPORT = NO;
				GCC_VERSION = "";
				INFOPLIST_FILE = "formulasZama/formulasZama-Info.plist";
				LD_RUNPATH_SEARCH_PATHS = "@executable_path/Frameworks";
				PRODUCT_NAME = "formulasZama";
			};
			name = Debug;
		};
		1D6058950D05DD3E006BFB54 /* Release */ = {
			isa = XCBuildConfiguration;
			baseConfigurationReference = 3047A5101AB8059700498E2A /* build-release.xcconfig */;
			buildSettings = {
				ALWAYS_SEARCH_USER_PATHS = NO;
				ASSETCATALOG_COMPILER_APPICON_NAME = AppIcon;
				ASSETCATALOG_COMPILER_LAUNCHIMAGE_NAME = LaunchImage;
				CLANG_ENABLE_MODULES = YES;
				CLANG_ENABLE_OBJC_ARC = YES;
				COPY_PHASE_STRIP = YES;
				GCC_PRECOMPILE_PREFIX_HEADER = YES;
				GCC_PREFIX_HEADER = "formulasZama/formulasZama-Prefix.pch";
				GCC_THUMB_SUPPORT = NO;
				GCC_VERSION = "";
				INFOPLIST_FILE = "formulasZama/formulasZama-Info.plist";
				PRODUCT_NAME = "formulasZama";
			};
			name = Release;
		};
		C01FCF4F08A954540054247B /* Debug */ = {
			isa = XCBuildConfiguration;
			baseConfigurationReference = 3047A5111AB8059700498E2A /* build.xcconfig */;
			buildSettings = {
				CLANG_ENABLE_MODULES = YES;
				CLANG_ENABLE_OBJC_ARC = YES;
				CLANG_WARN_BOOL_CONVERSION = YES;
				CLANG_WARN_CONSTANT_CONVERSION = YES;
				CLANG_WARN_EMPTY_BODY = YES;
				CLANG_WARN_ENUM_CONVERSION = YES;
				CLANG_WARN_INT_CONVERSION = YES;
				CLANG_WARN__DUPLICATE_METHOD_MATCH = YES;
				GCC_C_LANGUAGE_STANDARD = c99;
				GCC_THUMB_SUPPORT = NO;
				GCC_VERSION = "";
				GCC_WARN_ABOUT_RETURN_TYPE = YES;
				GCC_WARN_UNDECLARED_SELECTOR = YES;
				GCC_WARN_UNINITIALIZED_AUTOS = YES;
				GCC_WARN_UNUSED_FUNCTION = YES;
				GCC_WARN_UNUSED_VARIABLE = YES;
				ONLY_ACTIVE_ARCH = YES;
				SDKROOT = iphoneos;
				SKIP_INSTALL = NO;
			};
			name = Debug;
		};
		C01FCF5008A954540054247B /* Release */ = {
			isa = XCBuildConfiguration;
			baseConfigurationReference = 3047A5111AB8059700498E2A /* build.xcconfig */;
			buildSettings = {
				CLANG_ENABLE_MODULES = YES;
				CLANG_ENABLE_OBJC_ARC = YES;
				CLANG_WARN_BOOL_CONVERSION = YES;
				CLANG_WARN_CONSTANT_CONVERSION = YES;
				CLANG_WARN_EMPTY_BODY = YES;
				CLANG_WARN_ENUM_CONVERSION = YES;
				CLANG_WARN_INT_CONVERSION = YES;
				CLANG_WARN__DUPLICATE_METHOD_MATCH = YES;
				GCC_C_LANGUAGE_STANDARD = c99;
				GCC_THUMB_SUPPORT = NO;
				GCC_VERSION = "";
				GCC_WARN_ABOUT_RETURN_TYPE = YES;
				GCC_WARN_UNDECLARED_SELECTOR = YES;
				GCC_WARN_UNINITIALIZED_AUTOS = YES;
				GCC_WARN_UNUSED_FUNCTION = YES;
				GCC_WARN_UNUSED_VARIABLE = YES;
				SDKROOT = iphoneos;
				SKIP_INSTALL = NO;
			};
			name = Release;
		};
/* End XCBuildConfiguration section */

/* Begin XCConfigurationList section */
		1D6058960D05DD3E006BFB54 /* Build configuration list for PBXNativeTarget "formulasZama" */ = {
			isa = XCConfigurationList;
			buildConfigurations = (
				1D6058940D05DD3E006BFB54 /* Debug */,
				1D6058950D05DD3E006BFB54 /* Release */,
			);
			defaultConfigurationIsVisible = 0;
			defaultConfigurationName = Release;
		};
		C01FCF4E08A954540054247B /* Build configuration list for PBXProject "__NON-CLI__" */ = {
			isa = XCConfigurationList;
			buildConfigurations = (
				C01FCF4F08A954540054247B /* Debug */,
				C01FCF5008A954540054247B /* Release */,
			);
			defaultConfigurationIsVisible = 0;
			defaultConfigurationName = Release;
		};
/* End XCConfigurationList section */
	};
	rootObject = 29B97313FDCFA39411CA2CEA /* Project object */;
}
